{
  "name": "aesthetic.computer",
  "version": "1.0.0",
  "lockfileVersion": 2,
  "requires": true,
  "packages": {
    "": {
      "name": "aesthetic.computer",
      "version": "1.0.0",
      "devDependencies": {
        "@figma/plugin-typings": "*",
        "@figma/widget-typings": "*",
        "typescript": "*"
      }
    },
    "node_modules/@figma/plugin-typings": {
      "version": "1.41.0",
      "resolved": "https://registry.npmjs.org/@figma/plugin-typings/-/plugin-typings-1.41.0.tgz",
      "integrity": "sha512-hae/prXKEx6p5Q1QMf03Q+ZYYcGJbzGqFlx3xLb+wAxDindsdYKX/QkfzvgDuwKEHIzpgk0Ru6/4EnYCLGZDIw==",
      "dev": true
    },
    "node_modules/@figma/widget-typings": {
      "version": "1.0.3",
      "resolved": "https://registry.npmjs.org/@figma/widget-typings/-/widget-typings-1.0.3.tgz",
      "integrity": "sha512-U+Soes4ICacHs/BdDTmxzdn4YoNOzBfca+UbaqnGB9DEP+Kpxcx9q00RmHoat36ZhlZ6rc1Vk7bug0RZVjmpbQ==",
      "dev": true,
      "peerDependencies": {
        "@figma/plugin-typings": "1.x"
      }
    },
    "node_modules/typescript": {
      "version": "4.5.4",
      "resolved": "https://registry.npmjs.org/typescript/-/typescript-4.5.4.tgz",
      "integrity": "sha512-VgYs2A2QIRuGphtzFV7aQJduJ2gyfTljngLzjpfW9FoYZF6xuw1W0vW9ghCKLfcWrCFxK81CSGRAvS1pn4fIUg==",
      "dev": true,
      "bin": {
        "tsc": "bin/tsc",
        "tsserver": "bin/tsserver"
      },
      "engines": {
        "node": ">=4.2.0"
      }
    }
  },
  "dependencies": {
    "@figma/plugin-typings": {
      "version": "1.41.0",
      "resolved": "https://registry.npmjs.org/@figma/plugin-typings/-/plugin-typings-1.41.0.tgz",
      "integrity": "sha512-hae/prXKEx6p5Q1QMf03Q+ZYYcGJbzGqFlx3xLb+wAxDindsdYKX/QkfzvgDuwKEHIzpgk0Ru6/4EnYCLGZDIw==",
      "dev": true
    },
    "@figma/widget-typings": {
      "version": "1.0.3",
      "resolved": "https://registry.npmjs.org/@figma/widget-typings/-/widget-typings-1.0.3.tgz",
      "integrity": "sha512-U+Soes4ICacHs/BdDTmxzdn4YoNOzBfca+UbaqnGB9DEP+Kpxcx9q00RmHoat36ZhlZ6rc1Vk7bug0RZVjmpbQ==",
      "dev": true,
      "requires": {}
    },
    "typescript": {
      "version": "4.5.4",
      "resolved": "https://registry.npmjs.org/typescript/-/typescript-4.5.4.tgz",
      "integrity": "sha512-VgYs2A2QIRuGphtzFV7aQJduJ2gyfTljngLzjpfW9FoYZF6xuw1W0vW9ghCKLfcWrCFxK81CSGRAvS1pn4fIUg==",
      "dev": true
    }
  }
}
