// !$*UTF8*$!
{
	archiveVersion = 1;
	classes = {
	};
	objectVersion = 77;
	objects = {

/* Begin PBXBuildFile section */
		06DAB9B425E19C4E02F25A24 /* AeselPieceView.swift in Sources */ = {isa = PBXBuildFile; fileRef = 72A337044339282DB88573A0 /* AeselPieceView.swift */; };
		084DDDE9E374CC8B27DEA518 /* slab-theme.json in Resources */ = {isa = PBXBuildFile; fileRef = AACC6D25723505FB156B46F0 /* slab-theme.json */; };
		0B56E0A1E07AD7B531824F41 /* Session.swift in Sources */ = {isa = PBXBuildFile; fileRef = 13B505C3279E0F8DB5292B86 /* Session.swift */; };
		113D31E951393CC4B352014A /* SessionStore.swift in Sources */ = {isa = PBXBuildFile; fileRef = 9DD20E2826C7E253AFDDDF7C /* SessionStore.swift */; };
		15625BEE72859E0B3AA9421E /* ComicRelief-Bold.ttf in Resources */ = {isa = PBXBuildFile; fileRef = 99FE2FC14157DB3F88708A6B /* ComicRelief-Bold.ttf */; };
		1A0F35CCE1C51897FB881351 /* PreviewResize.swift in Sources */ = {isa = PBXBuildFile; fileRef = EC974F17F071328B039F80B8 /* PreviewResize.swift */; };
		1F53641C03321161A7665F3B /* ContentView.swift in Sources */ = {isa = PBXBuildFile; fileRef = 505E152C400C5CE69463B39F /* ContentView.swift */; };
		2026E504A366EFEB32F2F822 /* AeselModelPicker.swift in Sources */ = {isa = PBXBuildFile; fileRef = F26176753E43E445E2CF551D /* AeselModelPicker.swift */; };
		209EDA86EAD34DFC2EFD8848 /* NotebookWebView.swift in Sources */ = {isa = PBXBuildFile; fileRef = 9CDBBA3D80069AB001DCB170 /* NotebookWebView.swift */; };
		2177ABB4922D91CD4C857EF1 /* NotebookWebView.swift in Sources */ = {isa = PBXBuildFile; fileRef = 9CDBBA3D80069AB001DCB170 /* NotebookWebView.swift */; };
		23BD42525B15F37C435178AB /* AeselProviderPicker.swift in Sources */ = {isa = PBXBuildFile; fileRef = 3405C669DD22957E6E9FC52B /* AeselProviderPicker.swift */; };
		2CD2971FBDBCCE62B7D958EB /* AeselVersionList.swift in Sources */ = {isa = PBXBuildFile; fileRef = 3BD16B382BBDB5D06475826D /* AeselVersionList.swift */; };
		2DB3100BC43BD21115A1BA37 /* AeselApp.swift in Sources */ = {isa = PBXBuildFile; fileRef = B7CE6904A010A2BEC894D13C /* AeselApp.swift */; };
		2E279865F6223B274E33E996 /* AeselComposer.swift in Sources */ = {isa = PBXBuildFile; fileRef = C37CCFBE31D100ED13EF7DAD /* AeselComposer.swift */; };
		2EC2911B60E5BF85985277EE /* AeselComposer.swift in Sources */ = {isa = PBXBuildFile; fileRef = C37CCFBE31D100ED13EF7DAD /* AeselComposer.swift */; };
		2F68084D06FAA7A44BA04C71 /* NotebookDocument.swift in Sources */ = {isa = PBXBuildFile; fileRef = 90DE4FA98343A247299E9ACA /* NotebookDocument.swift */; };
		3661DCFA19E2594688511C86 /* Session.swift in Sources */ = {isa = PBXBuildFile; fileRef = 13B505C3279E0F8DB5292B86 /* Session.swift */; };
		409522297780D3241B3182FF /* NativeWebAuthentication.swift in Sources */ = {isa = PBXBuildFile; fileRef = FDD0D3F1FABED1CF8FA86867 /* NativeWebAuthentication.swift */; };
		44709587196D5718C5B25542 /* COMIC-RELIEF-OFL-1.1.txt in Resources */ = {isa = PBXBuildFile; fileRef = 4A54F121629B5E78C6F46F6A /* COMIC-RELIEF-OFL-1.1.txt */; };
		466E32FFFB239E88D25A3C66 /* Braincells.swift in Sources */ = {isa = PBXBuildFile; fileRef = 5D9AB5CF1D7C27E6930F81B1 /* Braincells.swift */; };
		496F27216049A66E73C95E09 /* SessionHost.swift in Sources */ = {isa = PBXBuildFile; fileRef = B71285DFFDAE5A8B3FB1FBD5 /* SessionHost.swift */; };
		4A5FFF82FBF2EF81CD8D158A /* AeselApp.swift in Sources */ = {isa = PBXBuildFile; fileRef = B7CE6904A010A2BEC894D13C /* AeselApp.swift */; };
		50A41749DCD169840D079FCA /* SessionStore.swift in Sources */ = {isa = PBXBuildFile; fileRef = 9DD20E2826C7E253AFDDDF7C /* SessionStore.swift */; };
		52D74FA73C3384F2C2FF141B /* NativeHostConnection.swift in Sources */ = {isa = PBXBuildFile; fileRef = 9675E31C13077439E6F36AE1 /* NativeHostConnection.swift */; };
		56DF7E946D2DDC7451AA9F0E /* AeselPieceView.swift in Sources */ = {isa = PBXBuildFile; fileRef = 72A337044339282DB88573A0 /* AeselPieceView.swift */; };
		5FF391305FB9EEF4AB630D42 /* AeselScene.swift in Sources */ = {isa = PBXBuildFile; fileRef = 7CB1DC30F6BBB5B2167272D2 /* AeselScene.swift */; };
		60D63C84E3196DD0C030FF63 /* AeselSourceView.swift in Sources */ = {isa = PBXBuildFile; fileRef = 174356CADCC7413BFE9ABF1A /* AeselSourceView.swift */; };
		61636BC5717C14D1D6A3F51F /* preview-continuity.js in Resources */ = {isa = PBXBuildFile; fileRef = F9AA1A94FD57EA03B4309E30 /* preview-continuity.js */; };
		6C328E19AB09BC33ECF7E26E /* AeselHoverSound.swift in Sources */ = {isa = PBXBuildFile; fileRef = A2BE7BCB5067054611C54637 /* AeselHoverSound.swift */; };
		6E01FC52B2208E175FFC6985 /* SessionHost.swift in Sources */ = {isa = PBXBuildFile; fileRef = B71285DFFDAE5A8B3FB1FBD5 /* SessionHost.swift */; };
		7AE3B1696F71BFDE82E8B72E /* Assets.xcassets in Resources */ = {isa = PBXBuildFile; fileRef = 228E709932A29DC953A73B71 /* Assets.xcassets */; };
		7B612E66F6A4D5A255F683D6 /* AeselVersionList.swift in Sources */ = {isa = PBXBuildFile; fileRef = 3BD16B382BBDB5D06475826D /* AeselVersionList.swift */; };
		7D4D4BC2F4E1DE8EABFD4AEF /* PrivacyInfo.xcprivacy in Resources */ = {isa = PBXBuildFile; fileRef = 196EC264FACF61F5D4F16400 /* PrivacyInfo.xcprivacy */; };
		86A620DE0C4F07F29CC1FE94 /* AccountDeletion.swift in Sources */ = {isa = PBXBuildFile; fileRef = A6EB43A9F66C25770CFD5A05 /* AccountDeletion.swift */; };
		88E37D6CCFAEFCD974496F1F /* AccountDeletion.swift in Sources */ = {isa = PBXBuildFile; fileRef = A6EB43A9F66C25770CFD5A05 /* AccountDeletion.swift */; };
		8A7F1BBCD12CDD5FE9707061 /* AeselHomeView.swift in Sources */ = {isa = PBXBuildFile; fileRef = CC2D2E4941E446673BAF4F97 /* AeselHomeView.swift */; };
		8C8ABE58FEAE08FF90C5AEEF /* AeselProx.swift in Sources */ = {isa = PBXBuildFile; fileRef = B4D06A336C257DC6663C0E51 /* AeselProx.swift */; };
		8D922558DA9CF175830F7418 /* AeselWoodFrame.swift in Sources */ = {isa = PBXBuildFile; fileRef = 0C5979E119A7D487AD7ED90D /* AeselWoodFrame.swift */; };
		90D6ABA9E53184A2BCD5A127 /* preview-continuity.js in Resources */ = {isa = PBXBuildFile; fileRef = F9AA1A94FD57EA03B4309E30 /* preview-continuity.js */; };
		928997979C8BC6E92AC2B3A9 /* AeselHoverSound.swift in Sources */ = {isa = PBXBuildFile; fileRef = A2BE7BCB5067054611C54637 /* AeselHoverSound.swift */; };
		9722A94D57514795BC92F83D /* PreviewResize.swift in Sources */ = {isa = PBXBuildFile; fileRef = EC974F17F071328B039F80B8 /* PreviewResize.swift */; };
		975A2C86AF7C7B60369819B6 /* ContentView.swift in Sources */ = {isa = PBXBuildFile; fileRef = 505E152C400C5CE69463B39F /* ContentView.swift */; };
		9D73D7FD54B29205733E3BC9 /* ApplePlatform.swift in Sources */ = {isa = PBXBuildFile; fileRef = 7F4BC5239A9B70F128C1DC84 /* ApplePlatform.swift */; };
		A10EC17AA74EA9E2FB9495B6 /* AeselProx.swift in Sources */ = {isa = PBXBuildFile; fileRef = B4D06A336C257DC6663C0E51 /* AeselProx.swift */; };
		A2CDE2052DDB891D3A4659D6 /* AeselNotebook.swift in Sources */ = {isa = PBXBuildFile; fileRef = BB9C447ACCA3590492C05AC5 /* AeselNotebook.swift */; };
		A4B8792BDBB5F95822088FB0 /* AeselNotebook.swift in Sources */ = {isa = PBXBuildFile; fileRef = BB9C447ACCA3590492C05AC5 /* AeselNotebook.swift */; };
		A6126E0DBAC8A47345F0079B /* NativeWebAuthentication.swift in Sources */ = {isa = PBXBuildFile; fileRef = FDD0D3F1FABED1CF8FA86867 /* NativeWebAuthentication.swift */; };
		A766FD4831AD3177B8902DA5 /* ApplePlatform.swift in Sources */ = {isa = PBXBuildFile; fileRef = 7F4BC5239A9B70F128C1DC84 /* ApplePlatform.swift */; };
		A989A8D07DAA87AB483EC748 /* AeselButtonStyle.swift in Sources */ = {isa = PBXBuildFile; fileRef = A512F7F818F52E3E58D3B7CB /* AeselButtonStyle.swift */; };
		AC4159B335B9A16CFF670F02 /* AeselAutomation.swift in Sources */ = {isa = PBXBuildFile; fileRef = E270B97E651FC0013152574F /* AeselAutomation.swift */; };
		AC7B6241A0E7F2791E06F1CA /* ComicRelief-Bold.ttf in Resources */ = {isa = PBXBuildFile; fileRef = 99FE2FC14157DB3F88708A6B /* ComicRelief-Bold.ttf */; };
		B6CD08B664BE9DA1354DEA03 /* NotebookDocument.swift in Sources */ = {isa = PBXBuildFile; fileRef = 90DE4FA98343A247299E9ACA /* NotebookDocument.swift */; };
		B7D0EF78D26BBA38AB801393 /* slab-theme.json in Resources */ = {isa = PBXBuildFile; fileRef = AACC6D25723505FB156B46F0 /* slab-theme.json */; };
		B7FDFEA06B2AF78A0D5E0398 /* NativeHostConnection.swift in Sources */ = {isa = PBXBuildFile; fileRef = 9675E31C13077439E6F36AE1 /* NativeHostConnection.swift */; };
		B8236CE8844912F069905928 /* AeselScene.swift in Sources */ = {isa = PBXBuildFile; fileRef = 7CB1DC30F6BBB5B2167272D2 /* AeselScene.swift */; };
		BAC151C354229839F584BDDF /* Assets.xcassets in Resources */ = {isa = PBXBuildFile; fileRef = 228E709932A29DC953A73B71 /* Assets.xcassets */; };
		C27DB5FE92281B28965A6535 /* Braincells.swift in Sources */ = {isa = PBXBuildFile; fileRef = 5D9AB5CF1D7C27E6930F81B1 /* Braincells.swift */; };
		C48716DE150CDF3FE383298E /* Session in Resources */ = {isa = PBXBuildFile; fileRef = 47AE0766266534A8EE665542 /* Session */; };
		C4EB6869993CE785E330AF79 /* AeselWoodFrame.swift in Sources */ = {isa = PBXBuildFile; fileRef = 0C5979E119A7D487AD7ED90D /* AeselWoodFrame.swift */; };
		C5323C1BB9D8D59F14A1FF74 /* AeselModelPicker.swift in Sources */ = {isa = PBXBuildFile; fileRef = F26176753E43E445E2CF551D /* AeselModelPicker.swift */; };
		C5E4BB3C192D944F7CB281FC /* Session in Resources */ = {isa = PBXBuildFile; fileRef = 47AE0766266534A8EE665542 /* Session */; };
		CAD62C40B80A11D34190847E /* AeselSourceView.swift in Sources */ = {isa = PBXBuildFile; fileRef = 174356CADCC7413BFE9ABF1A /* AeselSourceView.swift */; };
		CC92640C1396E0646F1CDD0F /* NativeSignIn.swift in Sources */ = {isa = PBXBuildFile; fileRef = 6975BD799206CFA5D9095BDB /* NativeSignIn.swift */; };
		D1D4EE707AFBE4CB22C77682 /* AeselAutomation.swift in Sources */ = {isa = PBXBuildFile; fileRef = E270B97E651FC0013152574F /* AeselAutomation.swift */; };
		E24FA3D4F33A360267A7EAB6 /* PrivacyInfo.xcprivacy in Resources */ = {isa = PBXBuildFile; fileRef = 196EC264FACF61F5D4F16400 /* PrivacyInfo.xcprivacy */; };
		E269C78DB87E568CC6F63CC8 /* AeselProviderPicker.swift in Sources */ = {isa = PBXBuildFile; fileRef = 3405C669DD22957E6E9FC52B /* AeselProviderPicker.swift */; };
		E86DBFD43D2C7D107F428424 /* NativeSignIn.swift in Sources */ = {isa = PBXBuildFile; fileRef = 6975BD799206CFA5D9095BDB /* NativeSignIn.swift */; };
		E9877D833B3CE6FE4FB14192 /* AeselButtonStyle.swift in Sources */ = {isa = PBXBuildFile; fileRef = A512F7F818F52E3E58D3B7CB /* AeselButtonStyle.swift */; };
		EE331E96C91793CBF5E52157 /* COMIC-RELIEF-OFL-1.1.txt in Resources */ = {isa = PBXBuildFile; fileRef = 4A54F121629B5E78C6F46F6A /* COMIC-RELIEF-OFL-1.1.txt */; };
		FBC8984584385405A83CB639 /* AeselHomeView.swift in Sources */ = {isa = PBXBuildFile; fileRef = CC2D2E4941E446673BAF4F97 /* AeselHomeView.swift */; };
/* End PBXBuildFile section */

/* Begin PBXFileReference section */
		0C5979E119A7D487AD7ED90D /* AeselWoodFrame.swift */ = {isa = PBXFileReference; lastKnownFileType = sourcecode.swift; path = AeselWoodFrame.swift; sourceTree = "<group>"; };
		13B505C3279E0F8DB5292B86 /* Session.swift */ = {isa = PBXFileReference; lastKnownFileType = sourcecode.swift; path = Session.swift; sourceTree = "<group>"; };
		174356CADCC7413BFE9ABF1A /* AeselSourceView.swift */ = {isa = PBXFileReference; lastKnownFileType = sourcecode.swift; path = AeselSourceView.swift; sourceTree = "<group>"; };
		196EC264FACF61F5D4F16400 /* PrivacyInfo.xcprivacy */ = {isa = PBXFileReference; path = PrivacyInfo.xcprivacy; sourceTree = "<group>"; };
		22509229E839210D9200B4AA /* Aesel.app */ = {isa = PBXFileReference; includeInIndex = 0; lastKnownFileType = wrapper.application; path = Aesel.app; sourceTree = BUILT_PRODUCTS_DIR; };
		228E709932A29DC953A73B71 /* Assets.xcassets */ = {isa = PBXFileReference; lastKnownFileType = folder.assetcatalog; path = Assets.xcassets; sourceTree = "<group>"; };
		3405C669DD22957E6E9FC52B /* AeselProviderPicker.swift */ = {isa = PBXFileReference; lastKnownFileType = sourcecode.swift; path = AeselProviderPicker.swift; sourceTree = "<group>"; };
		3BD16B382BBDB5D06475826D /* AeselVersionList.swift */ = {isa = PBXFileReference; lastKnownFileType = sourcecode.swift; path = AeselVersionList.swift; sourceTree = "<group>"; };
		47AE0766266534A8EE665542 /* Session */ = {isa = PBXFileReference; lastKnownFileType = folder; name = Session; path = Resources/Session; sourceTree = SOURCE_ROOT; };
		4A54F121629B5E78C6F46F6A /* COMIC-RELIEF-OFL-1.1.txt */ = {isa = PBXFileReference; lastKnownFileType = text; path = "COMIC-RELIEF-OFL-1.1.txt"; sourceTree = "<group>"; };
		505E152C400C5CE69463B39F /* ContentView.swift */ = {isa = PBXFileReference; lastKnownFileType = sourcecode.swift; path = ContentView.swift; sourceTree = "<group>"; };
		5D9AB5CF1D7C27E6930F81B1 /* Braincells.swift */ = {isa = PBXFileReference; lastKnownFileType = sourcecode.swift; path = Braincells.swift; sourceTree = "<group>"; };
		6975BD799206CFA5D9095BDB /* NativeSignIn.swift */ = {isa = PBXFileReference; lastKnownFileType = sourcecode.swift; path = NativeSignIn.swift; sourceTree = "<group>"; };
		72A337044339282DB88573A0 /* AeselPieceView.swift */ = {isa = PBXFileReference; lastKnownFileType = sourcecode.swift; path = AeselPieceView.swift; sourceTree = "<group>"; };
		7CB1DC30F6BBB5B2167272D2 /* AeselScene.swift */ = {isa = PBXFileReference; lastKnownFileType = sourcecode.swift; path = AeselScene.swift; sourceTree = "<group>"; };
		7F4BC5239A9B70F128C1DC84 /* ApplePlatform.swift */ = {isa = PBXFileReference; lastKnownFileType = sourcecode.swift; path = ApplePlatform.swift; sourceTree = "<group>"; };
		90DE4FA98343A247299E9ACA /* NotebookDocument.swift */ = {isa = PBXFileReference; lastKnownFileType = sourcecode.swift; path = NotebookDocument.swift; sourceTree = "<group>"; };
		9675E31C13077439E6F36AE1 /* NativeHostConnection.swift */ = {isa = PBXFileReference; lastKnownFileType = sourcecode.swift; path = NativeHostConnection.swift; sourceTree = "<group>"; };
		99EE09710898E704A2EDB590 /* AeselMac.app */ = {isa = PBXFileReference; explicitFileType = wrapper.application; includeInIndex = 0; path = AeselMac.app; sourceTree = BUILT_PRODUCTS_DIR; };
		99FE2FC14157DB3F88708A6B /* ComicRelief-Bold.ttf */ = {isa = PBXFileReference; lastKnownFileType = file; path = "ComicRelief-Bold.ttf"; sourceTree = "<group>"; };
		9CDBBA3D80069AB001DCB170 /* NotebookWebView.swift */ = {isa = PBXFileReference; lastKnownFileType = sourcecode.swift; path = NotebookWebView.swift; sourceTree = "<group>"; };
		9DD20E2826C7E253AFDDDF7C /* SessionStore.swift */ = {isa = PBXFileReference; lastKnownFileType = sourcecode.swift; path = SessionStore.swift; sourceTree = "<group>"; };
		A2BE7BCB5067054611C54637 /* AeselHoverSound.swift */ = {isa = PBXFileReference; lastKnownFileType = sourcecode.swift; path = AeselHoverSound.swift; sourceTree = "<group>"; };
		A512F7F818F52E3E58D3B7CB /* AeselButtonStyle.swift */ = {isa = PBXFileReference; lastKnownFileType = sourcecode.swift; path = AeselButtonStyle.swift; sourceTree = "<group>"; };
		A6EB43A9F66C25770CFD5A05 /* AccountDeletion.swift */ = {isa = PBXFileReference; lastKnownFileType = sourcecode.swift; path = AccountDeletion.swift; sourceTree = "<group>"; };
		AACC6D25723505FB156B46F0 /* slab-theme.json */ = {isa = PBXFileReference; lastKnownFileType = text.json; path = "slab-theme.json"; sourceTree = "<group>"; };
		B4D06A336C257DC6663C0E51 /* AeselProx.swift */ = {isa = PBXFileReference; lastKnownFileType = sourcecode.swift; path = AeselProx.swift; sourceTree = "<group>"; };
		B71285DFFDAE5A8B3FB1FBD5 /* SessionHost.swift */ = {isa = PBXFileReference; lastKnownFileType = sourcecode.swift; path = SessionHost.swift; sourceTree = "<group>"; };
		B7CE6904A010A2BEC894D13C /* AeselApp.swift */ = {isa = PBXFileReference; lastKnownFileType = sourcecode.swift; path = AeselApp.swift; sourceTree = "<group>"; };
		BB9C447ACCA3590492C05AC5 /* AeselNotebook.swift */ = {isa = PBXFileReference; lastKnownFileType = sourcecode.swift; path = AeselNotebook.swift; sourceTree = "<group>"; };
		C37CCFBE31D100ED13EF7DAD /* AeselComposer.swift */ = {isa = PBXFileReference; lastKnownFileType = sourcecode.swift; path = AeselComposer.swift; sourceTree = "<group>"; };
		CC2D2E4941E446673BAF4F97 /* AeselHomeView.swift */ = {isa = PBXFileReference; lastKnownFileType = sourcecode.swift; path = AeselHomeView.swift; sourceTree = "<group>"; };
		E270B97E651FC0013152574F /* AeselAutomation.swift */ = {isa = PBXFileReference; lastKnownFileType = sourcecode.swift; path = AeselAutomation.swift; sourceTree = "<group>"; };
		EC974F17F071328B039F80B8 /* PreviewResize.swift */ = {isa = PBXFileReference; lastKnownFileType = sourcecode.swift; path = PreviewResize.swift; sourceTree = "<group>"; };
		F26176753E43E445E2CF551D /* AeselModelPicker.swift */ = {isa = PBXFileReference; lastKnownFileType = sourcecode.swift; path = AeselModelPicker.swift; sourceTree = "<group>"; };
		F9AA1A94FD57EA03B4309E30 /* preview-continuity.js */ = {isa = PBXFileReference; lastKnownFileType = sourcecode.javascript; path = "preview-continuity.js"; sourceTree = "<group>"; };
		FDD0D3F1FABED1CF8FA86867 /* NativeWebAuthentication.swift */ = {isa = PBXFileReference; lastKnownFileType = sourcecode.swift; path = NativeWebAuthentication.swift; sourceTree = "<group>"; };
/* End PBXFileReference section */

/* Begin PBXGroup section */
		10821474428BA314BB316CD0 /* Sources */ = {
			isa = PBXGroup;
			children = (
				A6EB43A9F66C25770CFD5A05 /* AccountDeletion.swift */,
				B7CE6904A010A2BEC894D13C /* AeselApp.swift */,
				E270B97E651FC0013152574F /* AeselAutomation.swift */,
				A512F7F818F52E3E58D3B7CB /* AeselButtonStyle.swift */,
				C37CCFBE31D100ED13EF7DAD /* AeselComposer.swift */,
				CC2D2E4941E446673BAF4F97 /* AeselHomeView.swift */,
				A2BE7BCB5067054611C54637 /* AeselHoverSound.swift */,
				F26176753E43E445E2CF551D /* AeselModelPicker.swift */,
				BB9C447ACCA3590492C05AC5 /* AeselNotebook.swift */,
				72A337044339282DB88573A0 /* AeselPieceView.swift */,
				3405C669DD22957E6E9FC52B /* AeselProviderPicker.swift */,
				B4D06A336C257DC6663C0E51 /* AeselProx.swift */,
				7CB1DC30F6BBB5B2167272D2 /* AeselScene.swift */,
				174356CADCC7413BFE9ABF1A /* AeselSourceView.swift */,
				3BD16B382BBDB5D06475826D /* AeselVersionList.swift */,
				0C5979E119A7D487AD7ED90D /* AeselWoodFrame.swift */,
				7F4BC5239A9B70F128C1DC84 /* ApplePlatform.swift */,
				5D9AB5CF1D7C27E6930F81B1 /* Braincells.swift */,
				505E152C400C5CE69463B39F /* ContentView.swift */,
				9675E31C13077439E6F36AE1 /* NativeHostConnection.swift */,
				6975BD799206CFA5D9095BDB /* NativeSignIn.swift */,
				FDD0D3F1FABED1CF8FA86867 /* NativeWebAuthentication.swift */,
				90DE4FA98343A247299E9ACA /* NotebookDocument.swift */,
				9CDBBA3D80069AB001DCB170 /* NotebookWebView.swift */,
				EC974F17F071328B039F80B8 /* PreviewResize.swift */,
				13B505C3279E0F8DB5292B86 /* Session.swift */,
				B71285DFFDAE5A8B3FB1FBD5 /* SessionHost.swift */,
				9DD20E2826C7E253AFDDDF7C /* SessionStore.swift */,
			);
			path = Sources;
			sourceTree = "<group>";
		};
		34716D2929B4074C97E662AE = {
			isa = PBXGroup;
			children = (
				47AE0766266534A8EE665542 /* Session */,
				CF2FDCFF84387B5BBA01E415 /* Resources */,
				10821474428BA314BB316CD0 /* Sources */,
				AB4E40D4AB00182B8B99E0D0 /* Products */,
			);
			sourceTree = "<group>";
		};
		AB4E40D4AB00182B8B99E0D0 /* Products */ = {
			isa = PBXGroup;
			children = (
				22509229E839210D9200B4AA /* Aesel.app */,
				99EE09710898E704A2EDB590 /* AeselMac.app */,
			);
			name = Products;
			sourceTree = "<group>";
		};
		CF2FDCFF84387B5BBA01E415 /* Resources */ = {
			isa = PBXGroup;
			children = (
				228E709932A29DC953A73B71 /* Assets.xcassets */,
				4A54F121629B5E78C6F46F6A /* COMIC-RELIEF-OFL-1.1.txt */,
				99FE2FC14157DB3F88708A6B /* ComicRelief-Bold.ttf */,
				F9AA1A94FD57EA03B4309E30 /* preview-continuity.js */,
				196EC264FACF61F5D4F16400 /* PrivacyInfo.xcprivacy */,
				AACC6D25723505FB156B46F0 /* slab-theme.json */,
			);
			path = Resources;
			sourceTree = "<group>";
		};
/* End PBXGroup section */

/* Begin PBXNativeTarget section */
		90FA23DF12444BC96C87BB1F /* Aesel */ = {
			isa = PBXNativeTarget;
			buildConfigurationList = 828F9F6A9A08AA43646DA0CF /* Build configuration list for PBXNativeTarget "Aesel" */;
			buildPhases = (
				637239781D81E75E1E756D3E /* Sources */,
				9B16354BD258F58AE2915677 /* Resources */,
			);
			buildRules = (
			);
			dependencies = (
			);
			name = Aesel;
			packageProductDependencies = (
			);
			productName = Aesel;
			productReference = 22509229E839210D9200B4AA /* Aesel.app */;
			productType = "com.apple.product-type.application";
		};
		B06E0CA251E11584E7EFAA6A /* AeselMac */ = {
			isa = PBXNativeTarget;
			buildConfigurationList = B305F863E9DCF792B982BFA5 /* Build configuration list for PBXNativeTarget "AeselMac" */;
			buildPhases = (
				FE126C5A82E5DACF43957B94 /* Sources */,
				D69DF980C6E5B37A19FF3612 /* Resources */,
			);
			buildRules = (
			);
			dependencies = (
			);
			name = AeselMac;
			packageProductDependencies = (
			);
			productName = AeselMac;
			productReference = 99EE09710898E704A2EDB590 /* AeselMac.app */;
			productType = "com.apple.product-type.application";
		};
/* End PBXNativeTarget section */

/* Begin PBXProject section */
		4BB171217B34B598A623D582 /* Project object */ = {
			isa = PBXProject;
			attributes = {
				BuildIndependentTargetsInParallel = YES;
				LastUpgradeCheck = 1430;
				TargetAttributes = {
					90FA23DF12444BC96C87BB1F = {
						DevelopmentTeam = FB5948YR3S;
						ProvisioningStyle = Automatic;
					};
					B06E0CA251E11584E7EFAA6A = {
						DevelopmentTeam = FB5948YR3S;
						ProvisioningStyle = Automatic;
					};
				};
			};
			buildConfigurationList = C83B996AD0F1EAD487069A8B /* Build configuration list for PBXProject "Aesel" */;
			developmentRegion = en;
			hasScannedForEncodings = 0;
			knownRegions = (
				Base,
				en,
			);
			mainGroup = 34716D2929B4074C97E662AE;
			minimizedProjectReferenceProxies = 1;
			preferredProjectObjectVersion = 77;
			productRefGroup = AB4E40D4AB00182B8B99E0D0 /* Products */;
			projectDirPath = "";
			projectRoot = "";
			targets = (
				90FA23DF12444BC96C87BB1F /* Aesel */,
				B06E0CA251E11584E7EFAA6A /* AeselMac */,
			);
		};
/* End PBXProject section */

/* Begin PBXResourcesBuildPhase section */
		9B16354BD258F58AE2915677 /* Resources */ = {
			isa = PBXResourcesBuildPhase;
			buildActionMask = 2147483647;
			files = (
				7AE3B1696F71BFDE82E8B72E /* Assets.xcassets in Resources */,
				44709587196D5718C5B25542 /* COMIC-RELIEF-OFL-1.1.txt in Resources */,
				AC7B6241A0E7F2791E06F1CA /* ComicRelief-Bold.ttf in Resources */,
				E24FA3D4F33A360267A7EAB6 /* PrivacyInfo.xcprivacy in Resources */,
				C48716DE150CDF3FE383298E /* Session in Resources */,
				61636BC5717C14D1D6A3F51F /* preview-continuity.js in Resources */,
				B7D0EF78D26BBA38AB801393 /* slab-theme.json in Resources */,
			);
			runOnlyForDeploymentPostprocessing = 0;
		};
		D69DF980C6E5B37A19FF3612 /* Resources */ = {
			isa = PBXResourcesBuildPhase;
			buildActionMask = 2147483647;
			files = (
				BAC151C354229839F584BDDF /* Assets.xcassets in Resources */,
				EE331E96C91793CBF5E52157 /* COMIC-RELIEF-OFL-1.1.txt in Resources */,
				15625BEE72859E0B3AA9421E /* ComicRelief-Bold.ttf in Resources */,
				7D4D4BC2F4E1DE8EABFD4AEF /* PrivacyInfo.xcprivacy in Resources */,
				C5E4BB3C192D944F7CB281FC /* Session in Resources */,
				90D6ABA9E53184A2BCD5A127 /* preview-continuity.js in Resources */,
				084DDDE9E374CC8B27DEA518 /* slab-theme.json in Resources */,
			);
			runOnlyForDeploymentPostprocessing = 0;
		};
/* End PBXResourcesBuildPhase section */

/* Begin PBXSourcesBuildPhase section */
		637239781D81E75E1E756D3E /* Sources */ = {
			isa = PBXSourcesBuildPhase;
			buildActionMask = 2147483647;
			files = (
				88E37D6CCFAEFCD974496F1F /* AccountDeletion.swift in Sources */,
				2DB3100BC43BD21115A1BA37 /* AeselApp.swift in Sources */,
				D1D4EE707AFBE4CB22C77682 /* AeselAutomation.swift in Sources */,
				A989A8D07DAA87AB483EC748 /* AeselButtonStyle.swift in Sources */,
				2E279865F6223B274E33E996 /* AeselComposer.swift in Sources */,
				FBC8984584385405A83CB639 /* AeselHomeView.swift in Sources */,
				928997979C8BC6E92AC2B3A9 /* AeselHoverSound.swift in Sources */,
				C5323C1BB9D8D59F14A1FF74 /* AeselModelPicker.swift in Sources */,
				A2CDE2052DDB891D3A4659D6 /* AeselNotebook.swift in Sources */,
				06DAB9B425E19C4E02F25A24 /* AeselPieceView.swift in Sources */,
				E269C78DB87E568CC6F63CC8 /* AeselProviderPicker.swift in Sources */,
				A10EC17AA74EA9E2FB9495B6 /* AeselProx.swift in Sources */,
				B8236CE8844912F069905928 /* AeselScene.swift in Sources */,
				CAD62C40B80A11D34190847E /* AeselSourceView.swift in Sources */,
				7B612E66F6A4D5A255F683D6 /* AeselVersionList.swift in Sources */,
				8D922558DA9CF175830F7418 /* AeselWoodFrame.swift in Sources */,
				9D73D7FD54B29205733E3BC9 /* ApplePlatform.swift in Sources */,
				C27DB5FE92281B28965A6535 /* Braincells.swift in Sources */,
				1F53641C03321161A7665F3B /* ContentView.swift in Sources */,
				52D74FA73C3384F2C2FF141B /* NativeHostConnection.swift in Sources */,
				E86DBFD43D2C7D107F428424 /* NativeSignIn.swift in Sources */,
				409522297780D3241B3182FF /* NativeWebAuthentication.swift in Sources */,
				B6CD08B664BE9DA1354DEA03 /* NotebookDocument.swift in Sources */,
				2177ABB4922D91CD4C857EF1 /* NotebookWebView.swift in Sources */,
				1A0F35CCE1C51897FB881351 /* PreviewResize.swift in Sources */,
				3661DCFA19E2594688511C86 /* Session.swift in Sources */,
				6E01FC52B2208E175FFC6985 /* SessionHost.swift in Sources */,
				50A41749DCD169840D079FCA /* SessionStore.swift in Sources */,
			);
			runOnlyForDeploymentPostprocessing = 0;
		};
		FE126C5A82E5DACF43957B94 /* Sources */ = {
			isa = PBXSourcesBuildPhase;
			buildActionMask = 2147483647;
			files = (
				86A620DE0C4F07F29CC1FE94 /* AccountDeletion.swift in Sources */,
				4A5FFF82FBF2EF81CD8D158A /* AeselApp.swift in Sources */,
				AC4159B335B9A16CFF670F02 /* AeselAutomation.swift in Sources */,
				E9877D833B3CE6FE4FB14192 /* AeselButtonStyle.swift in Sources */,
				2EC2911B60E5BF85985277EE /* AeselComposer.swift in Sources */,
				8A7F1BBCD12CDD5FE9707061 /* AeselHomeView.swift in Sources */,
				6C328E19AB09BC33ECF7E26E /* AeselHoverSound.swift in Sources */,
				2026E504A366EFEB32F2F822 /* AeselModelPicker.swift in Sources */,
				A4B8792BDBB5F95822088FB0 /* AeselNotebook.swift in Sources */,
				56DF7E946D2DDC7451AA9F0E /* AeselPieceView.swift in Sources */,
				23BD42525B15F37C435178AB /* AeselProviderPicker.swift in Sources */,
				8C8ABE58FEAE08FF90C5AEEF /* AeselProx.swift in Sources */,
				5FF391305FB9EEF4AB630D42 /* AeselScene.swift in Sources */,
				60D63C84E3196DD0C030FF63 /* AeselSourceView.swift in Sources */,
				2CD2971FBDBCCE62B7D958EB /* AeselVersionList.swift in Sources */,
				C4EB6869993CE785E330AF79 /* AeselWoodFrame.swift in Sources */,
				A766FD4831AD3177B8902DA5 /* ApplePlatform.swift in Sources */,
				466E32FFFB239E88D25A3C66 /* Braincells.swift in Sources */,
				975A2C86AF7C7B60369819B6 /* ContentView.swift in Sources */,
				B7FDFEA06B2AF78A0D5E0398 /* NativeHostConnection.swift in Sources */,
				CC92640C1396E0646F1CDD0F /* NativeSignIn.swift in Sources */,
				A6126E0DBAC8A47345F0079B /* NativeWebAuthentication.swift in Sources */,
				2F68084D06FAA7A44BA04C71 /* NotebookDocument.swift in Sources */,
				209EDA86EAD34DFC2EFD8848 /* NotebookWebView.swift in Sources */,
				9722A94D57514795BC92F83D /* PreviewResize.swift in Sources */,
				0B56E0A1E07AD7B531824F41 /* Session.swift in Sources */,
				496F27216049A66E73C95E09 /* SessionHost.swift in Sources */,
				113D31E951393CC4B352014A /* SessionStore.swift in Sources */,
			);
			runOnlyForDeploymentPostprocessing = 0;
		};
/* End PBXSourcesBuildPhase section */

/* Begin XCBuildConfiguration section */
		11A596B586175ABCA3011E13 /* Release */ = {
			isa = XCBuildConfiguration;
			buildSettings = {
				ALWAYS_SEARCH_USER_PATHS = NO;
				CLANG_ANALYZER_NONNULL = YES;
				CLANG_ANALYZER_NUMBER_OBJECT_CONVERSION = YES_AGGRESSIVE;
				CLANG_CXX_LANGUAGE_STANDARD = "gnu++14";
				CLANG_CXX_LIBRARY = "libc++";
				CLANG_ENABLE_MODULES = YES;
				CLANG_ENABLE_OBJC_ARC = YES;
				CLANG_ENABLE_OBJC_WEAK = YES;
				CLANG_WARN_BLOCK_CAPTURE_AUTORELEASING = YES;
				CLANG_WARN_BOOL_CONVERSION = YES;
				CLANG_WARN_COMMA = YES;
				CLANG_WARN_CONSTANT_CONVERSION = YES;
				CLANG_WARN_DEPRECATED_OBJC_IMPLEMENTATIONS = YES;
				CLANG_WARN_DIRECT_OBJC_ISA_USAGE = YES_ERROR;
				CLANG_WARN_DOCUMENTATION_COMMENTS = YES;
				CLANG_WARN_EMPTY_BODY = YES;
				CLANG_WARN_ENUM_CONVERSION = YES;
				CLANG_WARN_INFINITE_RECURSION = YES;
				CLANG_WARN_INT_CONVERSION = YES;
				CLANG_WARN_NON_LITERAL_NULL_CONVERSION = YES;
				CLANG_WARN_OBJC_IMPLICIT_RETAIN_SELF = YES;
				CLANG_WARN_OBJC_LITERAL_CONVERSION = YES;
				CLANG_WARN_OBJC_ROOT_CLASS = YES_ERROR;
				CLANG_WARN_QUOTED_INCLUDE_IN_FRAMEWORK_HEADER = YES;
				CLANG_WARN_RANGE_LOOP_ANALYSIS = YES;
				CLANG_WARN_STRICT_PROTOTYPES = YES;
				CLANG_WARN_SUSPICIOUS_MOVE = YES;
				CLANG_WARN_UNGUARDED_AVAILABILITY = YES_AGGRESSIVE;
				CLANG_WARN_UNREACHABLE_CODE = YES;
				CLANG_WARN__DUPLICATE_METHOD_MATCH = YES;
				CODE_SIGN_STYLE = Automatic;
				COPY_PHASE_STRIP = NO;
				DEBUG_INFORMATION_FORMAT = "dwarf-with-dsym";
				DEVELOPMENT_TEAM = FB5948YR3S;
				ENABLE_NS_ASSERTIONS = NO;
				ENABLE_STRICT_OBJC_MSGSEND = YES;
				GCC_C_LANGUAGE_STANDARD = gnu11;
				GCC_NO_COMMON_BLOCKS = YES;
				GCC_WARN_64_TO_32_BIT_CONVERSION = YES;
				GCC_WARN_ABOUT_RETURN_TYPE = YES_ERROR;
				GCC_WARN_UNDECLARED_SELECTOR = YES;
				GCC_WARN_UNINITIALIZED_AUTOS = YES_AGGRESSIVE;
				GCC_WARN_UNUSED_FUNCTION = YES;
				GCC_WARN_UNUSED_VARIABLE = YES;
				IPHONEOS_DEPLOYMENT_TARGET = 17.0;
				MACOSX_DEPLOYMENT_TARGET = 14.0;
				MTL_ENABLE_DEBUG_INFO = NO;
				MTL_FAST_MATH = YES;
				PRODUCT_NAME = "$(TARGET_NAME)";
				SWIFT_COMPILATION_MODE = wholemodule;
				SWIFT_OPTIMIZATION_LEVEL = "-O";
				SWIFT_VERSION = 5.0;
			};
			name = Release;
		};
		13BF820BE2C942E43D67556A /* Release */ = {
			isa = XCBuildConfiguration;
			buildSettings = {
				ASSETCATALOG_COMPILER_APPICON_NAME = AppIcon;
				CODE_SIGN_IDENTITY = "iPhone Developer";
				INFOPLIST_FILE = Info.plist;
				LD_RUNPATH_SEARCH_PATHS = (
					"$(inherited)",
					"@executable_path/Frameworks",
				);
				PRODUCT_BUNDLE_IDENTIFIER = computer.aesthetic.easel;
				PRODUCT_NAME = Aesel;
				SDKROOT = iphoneos;
				SUPPORTS_MACCATALYST = NO;
				TARGETED_DEVICE_FAMILY = 1;
			};
			name = Release;
		};
		3CBFE2EDA6795FA5DD601B03 /* Debug */ = {
			isa = XCBuildConfiguration;
			buildSettings = {
				ALWAYS_SEARCH_USER_PATHS = NO;
				CLANG_ANALYZER_NONNULL = YES;
				CLANG_ANALYZER_NUMBER_OBJECT_CONVERSION = YES_AGGRESSIVE;
				CLANG_CXX_LANGUAGE_STANDARD = "gnu++14";
				CLANG_CXX_LIBRARY = "libc++";
				CLANG_ENABLE_MODULES = YES;
				CLANG_ENABLE_OBJC_ARC = YES;
				CLANG_ENABLE_OBJC_WEAK = YES;
				CLANG_WARN_BLOCK_CAPTURE_AUTORELEASING = YES;
				CLANG_WARN_BOOL_CONVERSION = YES;
				CLANG_WARN_COMMA = YES;
				CLANG_WARN_CONSTANT_CONVERSION = YES;
				CLANG_WARN_DEPRECATED_OBJC_IMPLEMENTATIONS = YES;
				CLANG_WARN_DIRECT_OBJC_ISA_USAGE = YES_ERROR;
				CLANG_WARN_DOCUMENTATION_COMMENTS = YES;
				CLANG_WARN_EMPTY_BODY = YES;
				CLANG_WARN_ENUM_CONVERSION = YES;
				CLANG_WARN_INFINITE_RECURSION = YES;
				CLANG_WARN_INT_CONVERSION = YES;
				CLANG_WARN_NON_LITERAL_NULL_CONVERSION = YES;
				CLANG_WARN_OBJC_IMPLICIT_RETAIN_SELF = YES;
				CLANG_WARN_OBJC_LITERAL_CONVERSION = YES;
				CLANG_WARN_OBJC_ROOT_CLASS = YES_ERROR;
				CLANG_WARN_QUOTED_INCLUDE_IN_FRAMEWORK_HEADER = YES;
				CLANG_WARN_RANGE_LOOP_ANALYSIS = YES;
				CLANG_WARN_STRICT_PROTOTYPES = YES;
				CLANG_WARN_SUSPICIOUS_MOVE = YES;
				CLANG_WARN_UNGUARDED_AVAILABILITY = YES_AGGRESSIVE;
				CLANG_WARN_UNREACHABLE_CODE = YES;
				CLANG_WARN__DUPLICATE_METHOD_MATCH = YES;
				CODE_SIGN_STYLE = Automatic;
				COPY_PHASE_STRIP = NO;
				DEBUG_INFORMATION_FORMAT = dwarf;
				DEVELOPMENT_TEAM = FB5948YR3S;
				ENABLE_STRICT_OBJC_MSGSEND = YES;
				ENABLE_TESTABILITY = YES;
				GCC_C_LANGUAGE_STANDARD = gnu11;
				GCC_DYNAMIC_NO_PIC = NO;
				GCC_NO_COMMON_BLOCKS = YES;
				GCC_OPTIMIZATION_LEVEL = 0;
				GCC_PREPROCESSOR_DEFINITIONS = (
					"$(inherited)",
					"DEBUG=1",
				);
				GCC_WARN_64_TO_32_BIT_CONVERSION = YES;
				GCC_WARN_ABOUT_RETURN_TYPE = YES_ERROR;
				GCC_WARN_UNDECLARED_SELECTOR = YES;
				GCC_WARN_UNINITIALIZED_AUTOS = YES_AGGRESSIVE;
				GCC_WARN_UNUSED_FUNCTION = YES;
				GCC_WARN_UNUSED_VARIABLE = YES;
				IPHONEOS_DEPLOYMENT_TARGET = 17.0;
				MACOSX_DEPLOYMENT_TARGET = 14.0;
				MTL_ENABLE_DEBUG_INFO = INCLUDE_SOURCE;
				MTL_FAST_MATH = YES;
				ONLY_ACTIVE_ARCH = YES;
				PRODUCT_NAME = "$(TARGET_NAME)";
				SWIFT_ACTIVE_COMPILATION_CONDITIONS = DEBUG;
				SWIFT_OPTIMIZATION_LEVEL = "-Onone";
				SWIFT_VERSION = 5.0;
			};
			name = Debug;
		};
		6D52AD0DCB661617F6C62DC4 /* Debug */ = {
			isa = XCBuildConfiguration;
			buildSettings = {
				ASSETCATALOG_COMPILER_APPICON_NAME = AppIcon;
				CODE_SIGN_ENTITLEMENTS = Mac.entitlements;
				COMBINE_HIDPI_IMAGES = YES;
				ENABLE_HARDENED_RUNTIME = YES;
				INFOPLIST_FILE = MacInfo.plist;
				LD_RUNPATH_SEARCH_PATHS = (
					"$(inherited)",
					"@executable_path/../Frameworks",
				);
				PRODUCT_BUNDLE_IDENTIFIER = computer.aesthetic.aesel.native;
				PRODUCT_NAME = Aesel;
				SDKROOT = macosx;
			};
			name = Debug;
		};
		E3FE4B89B1DFAE93157904C4 /* Release */ = {
			isa = XCBuildConfiguration;
			buildSettings = {
				ASSETCATALOG_COMPILER_APPICON_NAME = AppIcon;
				CODE_SIGN_ENTITLEMENTS = Mac.entitlements;
				COMBINE_HIDPI_IMAGES = YES;
				ENABLE_HARDENED_RUNTIME = YES;
				INFOPLIST_FILE = MacInfo.plist;
				LD_RUNPATH_SEARCH_PATHS = (
					"$(inherited)",
					"@executable_path/../Frameworks",
				);
				PRODUCT_BUNDLE_IDENTIFIER = computer.aesthetic.easel;
				PRODUCT_NAME = Aesel;
				SDKROOT = macosx;
			};
			name = Release;
		};
		FFE58E959C6E6A865323AB74 /* Debug */ = {
			isa = XCBuildConfiguration;
			buildSettings = {
				ASSETCATALOG_COMPILER_APPICON_NAME = AppIcon;
				CODE_SIGN_IDENTITY = "iPhone Developer";
				INFOPLIST_FILE = Info.plist;
				LD_RUNPATH_SEARCH_PATHS = (
					"$(inherited)",
					"@executable_path/Frameworks",
				);
				PRODUCT_BUNDLE_IDENTIFIER = computer.aesthetic.easel;
				PRODUCT_NAME = Aesel;
				SDKROOT = iphoneos;
				SUPPORTS_MACCATALYST = NO;
				TARGETED_DEVICE_FAMILY = 1;
			};
			name = Debug;
		};
/* End XCBuildConfiguration section */

/* Begin XCConfigurationList section */
		828F9F6A9A08AA43646DA0CF /* Build configuration list for PBXNativeTarget "Aesel" */ = {
			isa = XCConfigurationList;
			buildConfigurations = (
				FFE58E959C6E6A865323AB74 /* Debug */,
				13BF820BE2C942E43D67556A /* Release */,
			);
			defaultConfigurationIsVisible = 0;
			defaultConfigurationName = Debug;
		};
		B305F863E9DCF792B982BFA5 /* Build configuration list for PBXNativeTarget "AeselMac" */ = {
			isa = XCConfigurationList;
			buildConfigurations = (
				6D52AD0DCB661617F6C62DC4 /* Debug */,
				E3FE4B89B1DFAE93157904C4 /* Release */,
			);
			defaultConfigurationIsVisible = 0;
			defaultConfigurationName = Debug;
		};
		C83B996AD0F1EAD487069A8B /* Build configuration list for PBXProject "Aesel" */ = {
			isa = XCConfigurationList;
			buildConfigurations = (
				3CBFE2EDA6795FA5DD601B03 /* Debug */,
				11A596B586175ABCA3011E13 /* Release */,
			);
			defaultConfigurationIsVisible = 0;
			defaultConfigurationName = Debug;
		};
/* End XCConfigurationList section */
	};
	rootObject = 4BB171217B34B598A623D582 /* Project object */;
}
