{
  "version": "3",
  "packages": {
    "specifiers": {
      "npm:he@^1.2.0": "npm:he@1.2.0"
    },
    "npm": {
      "he@1.2.0": {
        "integrity": "sha512-F/1DnUGPopORZi0ni+CvrCgHQ5FyEAHRLSApuYWMmrbSwoN2Mn/7k+Gl38gJnR7yyDZk6WLXwiGod1JOWNDKGw==",
        "dependencies": {}
      }
    }
  },
  "remote": {
    "https://deno.land/std@0.170.0/_util/asserts.ts": "d0844e9b62510f89ce1f9878b046f6a57bf88f208a10304aab50efcb48365272",
    "https://deno.land/std@0.170.0/async/abortable.ts": "80b2ac399f142cc528f95a037a7d0e653296352d95c681e284533765961de409",
    "https://deno.land/std@0.170.0/async/deadline.ts": "2c2deb53c7c28ca1dda7a3ad81e70508b1ebc25db52559de6b8636c9278fd41f",
    "https://deno.land/std@0.170.0/async/debounce.ts": "60301ffb37e730cd2d6f9dadfd0ecb2a38857681bd7aaf6b0a106b06e5210a98",
    "https://deno.land/std@0.170.0/async/deferred.ts": "77d3f84255c3627f1cc88699d8472b664d7635990d5358c4351623e098e917d6",
    "https://deno.land/std@0.170.0/async/delay.ts": "5a9bfba8de38840308a7a33786a0155a7f6c1f7a859558ddcec5fe06e16daf57",
    "https://deno.land/std@0.170.0/async/mod.ts": "7809ad4bb223e40f5fdc043e5c7ca04e0e25eed35c32c3c32e28697c553fa6d9",
    "https://deno.land/std@0.170.0/async/mux_async_iterator.ts": "770a0ff26c59f8bbbda6b703a2235f04e379f73238e8d66a087edc68c2a2c35f",
    "https://deno.land/std@0.170.0/async/pool.ts": "6854d8cd675a74c73391c82005cbbe4cc58183bddcd1fbbd7c2bcda42b61cf69",
    "https://deno.land/std@0.170.0/async/retry.ts": "e8e5173623915bbc0ddc537698fa418cf875456c347eda1ed453528645b42e67",
    "https://deno.land/std@0.170.0/async/tee.ts": "3a47cc4e9a940904fd4341f0224907e199121c80b831faa5ec2b054c6d2eff5e",
    "https://deno.land/std@0.170.0/datetime/to_imf.ts": "bdb0704a986a9bb48fba220722b3d4681e4b8c9c162562ee545ef2eb90b6edcd",
    "https://deno.land/std@0.170.0/encoding/base64.ts": "8605e018e49211efc767686f6f687827d7f5fd5217163e981d8d693105640d7a",
    "https://deno.land/std@0.170.0/flags/mod.ts": "4f50ec6383c02684db35de38b3ffb2cd5b9fcfcc0b1147055d1980c49e82521c",
    "https://deno.land/std@0.170.0/http/cookie.ts": "581464551b3d91739f699fbd6a429e6e8701ae252cf295efcda7379e8410d204",
    "https://deno.land/std@0.170.0/http/http_status.ts": "ed24048cc0d06066c944da59b0301da3ae2f990564bb4ad79bb52a09cf8e9b30",
    "https://edge.netlify.com/": "ff84a16f192fdb43db8b9dff869889f555c05857d075044d2a7cfa54c283a0a0",
    "https://edge.netlify.com/bootstrap/config.ts": "0aa0a225d978b89e0e62cbd853701605199e7a84095e55eeb70147faf1a24803",
    "https://edge.netlify.com/bootstrap/context.ts": "8f99269eeeeccf9b852e6089cc648c962a0ea20b2198b8b38b38e3b2ce2b9143",
    "https://edge.netlify.com/bootstrap/cookie.ts": "8b0baae708989ca183c6f3b4ab3d029e6abcbc2e43f93edeb0ff447b3bbc3a05",
    "https://edge.netlify.com/bootstrap/edge_function.ts": "b8253e86aa83c67341f5cfedeba5049d77fbf84dcab7eceff7566b7728ae9b39",
    "https://edge.netlify.com/bootstrap/globals.ts": "38f9e0be6c2c78206bf14d2387d41964d38bbe81644b3668e203c6f6473408a7",
    "https://esm.sh/cache-control-parser@2.0.2": "593aa3a40c8885a7459d1125eb2096da3ec6c66b85620a1d3bcb035cd021233f",
    "https://esm.sh/v135/cache-control-parser@2.0.2/denonext/cache-control-parser.mjs": "c2ad4a3f3b688914214d1facf9254617ac551c6a203a2353050c9882d26ab219",
    "https://v1-7-0--edge-utils.netlify.app/logger/logger.ts": "5e27d74386449246cb2b0b7ac4e2e15bc60965e188fdde15bb5897e28ecb31fa",
    "https://v1-7-0--edge-utils.netlify.app/logger/mod.ts": "669a5ec2dceede2926b0e1a7471c449a445f957c1deac559e07fb4c2af390ed1",
    "https://v2-14-0--edge.netlify.com/bootstrap/account.ts": "192cb0b87d19640058bb28e7a9d46c59ba77e0bf41b89708e23938cca2644e06",
    "https://v2-14-0--edge.netlify.com/bootstrap/blobs.ts": "3b46e2af986f4675e119810304ed681e66b8ea49adb407f38f76c5ff4bb4f05f",
    "https://v2-14-0--edge.netlify.com/bootstrap/bypass.ts": "cf3423a7e2b9f136e84b93dfedbe7d27887c75e68e20619b2ffd891919f27c3e",
    "https://v2-14-0--edge.netlify.com/bootstrap/cache.ts": "82af3afd301482592a02bdc7fced77620b42e4dd9414bf60510f559a5af15c84",
    "https://v2-14-0--edge.netlify.com/bootstrap/context.ts": "c6e9de479234f3ac500d2fc1544dadf1925e335d0d5551b1a71b7ce14423a683",
    "https://v2-14-0--edge.netlify.com/bootstrap/cookie.ts": "8b0baae708989ca183c6f3b4ab3d029e6abcbc2e43f93edeb0ff447b3bbc3a05",
    "https://v2-14-0--edge.netlify.com/bootstrap/cookie_store.ts": "2a1da3b09a35f8b31c82f91f182cf4dd43bc03c3e48036563d3803b7dd5b52c4",
    "https://v2-14-0--edge.netlify.com/bootstrap/deno-fs.ts": "ccd0a9335de14e01d77e8937e2320c99a110f5f2a473b80126750e3884ef952a",
    "https://v2-14-0--edge.netlify.com/bootstrap/edge_function.ts": "b8253e86aa83c67341f5cfedeba5049d77fbf84dcab7eceff7566b7728ae9b39",
    "https://v2-14-0--edge.netlify.com/bootstrap/environment.ts": "6d8bfb2359f170db4a1e1513904e9610ed047d7c1187cc0ceb4f0356231fbdde",
    "https://v2-14-0--edge.netlify.com/bootstrap/feature_flags.ts": "efab0245acb8436e897b245d0cc5f3226c364395d3dca8d65442cc1676fa35c6",
    "https://v2-14-0--edge.netlify.com/bootstrap/function_chain.ts": "f0771134addcc8968cfe2f821520e9e53e9cab8c6b0c1e286f57c71f07ce970e",
    "https://v2-14-0--edge.netlify.com/bootstrap/geo.ts": "f5c8edca3a460c82c2e9300270b2d270531efa995cc8c2c0b239713775bf6fe5",
    "https://v2-14-0--edge.netlify.com/bootstrap/globals/implementation.ts": "dbfb9b73fcbd2b7ce56260ea7b6062075702dcbab75403fcd8ea454fb7bfb5c4",
    "https://v2-14-0--edge.netlify.com/bootstrap/globals/types.ts": "eaa6148ded3121d8dee62dd91c86e7fe76601df0f3ca8d7962243a30f4c8935f",
    "https://v2-14-0--edge.netlify.com/bootstrap/handler.ts": "52732f96e7fd3a7a275ada1b83702fe724afb83d0458af47a740e267d7941372",
    "https://v2-14-0--edge.netlify.com/bootstrap/headers.ts": "a48ff60c8e4134ba4ed83e097137b5bae6f2bcbb5b8250bf0107f71703ca1482",
    "https://v2-14-0--edge.netlify.com/bootstrap/index-combined.ts": "92dc4703e8c779b24da845f4279353716a903c91f4fa406640d917303dcd6875",
    "https://v2-14-0--edge.netlify.com/bootstrap/invocation_metadata.ts": "457e73cb43dbe7695b32065f24a3d1e8e935efa517a2f25e2fd79977ea437f57",
    "https://v2-14-0--edge.netlify.com/bootstrap/log/instrumented_log.ts": "12fddc7504ca3551f64b7599fba0ec43aba672f3cc109db30663af1175e64a83",
    "https://v2-14-0--edge.netlify.com/bootstrap/log/logger.ts": "74b7e7fb58654678a2eaddb3257f279056a5cbec884b355e5b62ac9e582496fa",
    "https://v2-14-0--edge.netlify.com/bootstrap/metrics.ts": "a585daf2bffa339b3be707e6f9e8d9c65a78a820513557f7b0806f3895e1c295",
    "https://v2-14-0--edge.netlify.com/bootstrap/path_parameters.ts": "8266dd6cbb4dbf859aa3536b1250b4daace8f00b2c82e7042006d8d0e448dd52",
    "https://v2-14-0--edge.netlify.com/bootstrap/request.ts": "bc3091cb814669a9c25e7a09a30322b0275a65b8205dedae78cbdc885c6e1637",
    "https://v2-14-0--edge.netlify.com/bootstrap/response.ts": "4e0d2537f810028ddbe91138b3526dae3f4c3fb30ff17673342ca971207c21b7",
    "https://v2-14-0--edge.netlify.com/bootstrap/retry.ts": "196357ed0af0b77a6919bcc6c10c42a22742dd099a7343c1227eb35b1fdebc5c",
    "https://v2-14-0--edge.netlify.com/bootstrap/router.ts": "d753b1b1c561ddd25bf4076450b2cf667fa5ec77187de5dd9842757977a6ba35",
    "https://v2-14-0--edge.netlify.com/bootstrap/server.ts": "4744e7ba8b2bc689eced7770eb43af875a5f26c9bd2fbf891220cb1c5c90f4ad",
    "https://v2-14-0--edge.netlify.com/bootstrap/site.ts": "ae2fe4267a6101fa93c1ccd36dfa4a7b084d66aeeded337fa2683b8904718ee1",
    "https://v2-14-0--edge.netlify.com/bootstrap/stage_2.ts": "a90258046f480d1e423c140d5cdbf305c860283e021d2bcf5eff36d5d6929114",
    "https://v2-14-0--edge.netlify.com/bootstrap/util/errors.ts": "8e14c65504f204c1773342a68a376995fe45d9397b6e3f453d19940270ebf707",
    "https://v2-14-0--edge.netlify.com/bootstrap/util/execution_context.ts": "bed601756bc9458163801c0c42b49c249962e7eca3b9fc6b2aa9c3057af235cf",
    "https://v2-14-0--edge.netlify.com/bootstrap/util/fetch.ts": "4c12d853804c7594754a110f83f8144e7c91e52eec5e9693c6b3642ac59dc044",
    "https://v2-14-0--edge.netlify.com/bootstrap/util/patch_globals.ts": "70ccedcf3790aa97e3570efaca93973b2ef281c59cfb9e173073913553c81872",
    "https://v2-14-0--edge.netlify.com/bootstrap/util/redirect.ts": "30c76d79832f9b3af21fbe31e29c841f9c3ab85fb34cac80e1e6a5ab7de55551",
    "https://v2-14-0--edge.netlify.com/bootstrap/util/stack_tracer.ts": "20e47bfb3c365be712067dd62457ac20b6204420ca7250d9e607665c2b4a2823",
    "https://v2-14-0--edge.netlify.com/vendor/deno.land/std@0.170.0/_util/asserts.ts": "d0844e9b62510f89ce1f9878b046f6a57bf88f208a10304aab50efcb48365272",
    "https://v2-14-0--edge.netlify.com/vendor/deno.land/std@0.170.0/_util/os.ts": "8a33345f74990e627b9dfe2de9b040004b08ea5146c7c9e8fe9a29070d193934",
    "https://v2-14-0--edge.netlify.com/vendor/deno.land/std@0.170.0/async/abortable.ts": "80b2ac399f142cc528f95a037a7d0e653296352d95c681e284533765961de409",
    "https://v2-14-0--edge.netlify.com/vendor/deno.land/std@0.170.0/async/deadline.ts": "2c2deb53c7c28ca1dda7a3ad81e70508b1ebc25db52559de6b8636c9278fd41f",
    "https://v2-14-0--edge.netlify.com/vendor/deno.land/std@0.170.0/async/debounce.ts": "60301ffb37e730cd2d6f9dadfd0ecb2a38857681bd7aaf6b0a106b06e5210a98",
    "https://v2-14-0--edge.netlify.com/vendor/deno.land/std@0.170.0/async/deferred.ts": "77d3f84255c3627f1cc88699d8472b664d7635990d5358c4351623e098e917d6",
    "https://v2-14-0--edge.netlify.com/vendor/deno.land/std@0.170.0/async/delay.ts": "5a9bfba8de38840308a7a33786a0155a7f6c1f7a859558ddcec5fe06e16daf57",
    "https://v2-14-0--edge.netlify.com/vendor/deno.land/std@0.170.0/async/mod.ts": "7809ad4bb223e40f5fdc043e5c7ca04e0e25eed35c32c3c32e28697c553fa6d9",
    "https://v2-14-0--edge.netlify.com/vendor/deno.land/std@0.170.0/async/mux_async_iterator.ts": "770a0ff26c59f8bbbda6b703a2235f04e379f73238e8d66a087edc68c2a2c35f",
    "https://v2-14-0--edge.netlify.com/vendor/deno.land/std@0.170.0/async/pool.ts": "6854d8cd675a74c73391c82005cbbe4cc58183bddcd1fbbd7c2bcda42b61cf69",
    "https://v2-14-0--edge.netlify.com/vendor/deno.land/std@0.170.0/async/retry.ts": "e8e5173623915bbc0ddc537698fa418cf875456c347eda1ed453528645b42e67",
    "https://v2-14-0--edge.netlify.com/vendor/deno.land/std@0.170.0/async/tee.ts": "3a47cc4e9a940904fd4341f0224907e199121c80b831faa5ec2b054c6d2eff5e",
    "https://v2-14-0--edge.netlify.com/vendor/deno.land/std@0.170.0/datetime/to_imf.ts": "bdb0704a986a9bb48fba220722b3d4681e4b8c9c162562ee545ef2eb90b6edcd",
    "https://v2-14-0--edge.netlify.com/vendor/deno.land/std@0.170.0/encoding/base64.ts": "8605e018e49211efc767686f6f687827d7f5fd5217163e981d8d693105640d7a",
    "https://v2-14-0--edge.netlify.com/vendor/deno.land/std@0.170.0/flags/mod.ts": "4f50ec6383c02684db35de38b3ffb2cd5b9fcfcc0b1147055d1980c49e82521c",
    "https://v2-14-0--edge.netlify.com/vendor/deno.land/std@0.170.0/http/cookie.ts": "581464551b3d91739f699fbd6a429e6e8701ae252cf295efcda7379e8410d204",
    "https://v2-14-0--edge.netlify.com/vendor/deno.land/std@0.170.0/http/http_status.ts": "ed24048cc0d06066c944da59b0301da3ae2f990564bb4ad79bb52a09cf8e9b30",
    "https://v2-14-0--edge.netlify.com/vendor/deno.land/std@0.170.0/path/_constants.ts": "df1db3ffa6dd6d1252cc9617e5d72165cd2483df90e93833e13580687b6083c3",
    "https://v2-14-0--edge.netlify.com/vendor/deno.land/std@0.170.0/path/_interface.ts": "ee3b431a336b80cf445441109d089b70d87d5e248f4f90ff906820889ecf8d09",
    "https://v2-14-0--edge.netlify.com/vendor/deno.land/std@0.170.0/path/_util.ts": "d16be2a16e1204b65f9d0dfc54a9bc472cafe5f4a190b3c8471ec2016ccd1677",
    "https://v2-14-0--edge.netlify.com/vendor/deno.land/std@0.170.0/path/common.ts": "bee563630abd2d97f99d83c96c2fa0cca7cee103e8cb4e7699ec4d5db7bd2633",
    "https://v2-14-0--edge.netlify.com/vendor/deno.land/std@0.170.0/path/glob.ts": "81cc6c72be002cd546c7a22d1f263f82f63f37fe0035d9726aa96fc8f6e4afa1",
    "https://v2-14-0--edge.netlify.com/vendor/deno.land/std@0.170.0/path/mod.ts": "cf7cec7ac11b7048bb66af8ae03513e66595c279c65cfa12bfc07d9599608b78",
    "https://v2-14-0--edge.netlify.com/vendor/deno.land/std@0.170.0/path/posix.ts": "b859684bc4d80edfd4cad0a82371b50c716330bed51143d6dcdbe59e6278b30c",
    "https://v2-14-0--edge.netlify.com/vendor/deno.land/std@0.170.0/path/separator.ts": "fe1816cb765a8068afb3e8f13ad272351c85cbc739af56dacfc7d93d710fe0f9",
    "https://v2-14-0--edge.netlify.com/vendor/deno.land/std@0.170.0/path/win32.ts": "7cebd2bda6657371adc00061a1d23fdd87bcdf64b4843bb148b0b24c11b40f69",
    "https://v2-14-0--edge.netlify.com/vendor/esm.sh/@netlify/cache@1.7.1/denonext/dist/bootstrap/main.mjs": "e5cb61f205526ccec8e47f79bb1e94c20ca5a5e1078f1de4b9ed262ac18cf4ae",
    "https://v2-14-0--edge.netlify.com/vendor/v1-8-0--edge-utils.netlify.app/logger/logger.ts": "8bd7a5e28b9be06f806f429be853ef865055d100a63f21ebfa2522a5bb3ab23a",
    "https://v2-14-0--edge.netlify.com/vendor/v1-8-0--edge-utils.netlify.app/logger/mod.ts": "669a5ec2dceede2926b0e1a7471c449a445f957c1deac559e07fb4c2af390ed1",
    "https://v2-8-1--edge.netlify.com/bootstrap/account.ts": "2a728e5787f089e638732dd9a1bd782770d83d403b60bd6d35977045f77ecf70",
    "https://v2-8-1--edge.netlify.com/bootstrap/blobs.ts": "458b9d5385d1b67aa18bf98341de09b711aa131c1e3f6246a9400dfbe2a5bb8f",
    "https://v2-8-1--edge.netlify.com/bootstrap/bypass.ts": "225c35410fbe6f445f53d30e929f39a3547e8792d1147f5c016aa0068aba0b45",
    "https://v2-8-1--edge.netlify.com/bootstrap/cache.ts": "b8cbe411e9cac6529a11bce57fa1693aea14c1c614d977e23641efba8976dc66",
    "https://v2-8-1--edge.netlify.com/bootstrap/context.ts": "8f99269eeeeccf9b852e6089cc648c962a0ea20b2198b8b38b38e3b2ce2b9143",
    "https://v2-8-1--edge.netlify.com/bootstrap/cookie.ts": "8b0baae708989ca183c6f3b4ab3d029e6abcbc2e43f93edeb0ff447b3bbc3a05",
    "https://v2-8-1--edge.netlify.com/bootstrap/cookie_store.ts": "83e87d7f704589e257effa270e1abbd9ad0e362f8eeb596be60350a528bc3c1a",
    "https://v2-8-1--edge.netlify.com/bootstrap/deno-fs.ts": "ccd0a9335de14e01d77e8937e2320c99a110f5f2a473b80126750e3884ef952a",
    "https://v2-8-1--edge.netlify.com/bootstrap/edge_function.ts": "b8253e86aa83c67341f5cfedeba5049d77fbf84dcab7eceff7566b7728ae9b39",
    "https://v2-8-1--edge.netlify.com/bootstrap/environment.ts": "c08728e19705bfa2a2f28e28875dd7759cbefdff8fcdd0050453def67286f354",
    "https://v2-8-1--edge.netlify.com/bootstrap/feature_flags.ts": "39c1dbfa8f38994becb7fe8f36ca68fa1037b9a6ce47eb518f8dc00072731ee6",
    "https://v2-8-1--edge.netlify.com/bootstrap/function_chain.ts": "fd2250944c283d3e9946e6b422dc03731791efd06ff2f9fb4a9780b67777f3c0",
    "https://v2-8-1--edge.netlify.com/bootstrap/geo.ts": "5b51956f04a00ea82c787d559a528b16bd39a7622127b1a6571ba33e83872b4a",
    "https://v2-8-1--edge.netlify.com/bootstrap/globals.ts": "38f9e0be6c2c78206bf14d2387d41964d38bbe81644b3668e203c6f6473408a7",
    "https://v2-8-1--edge.netlify.com/bootstrap/handler.ts": "f8a9fdffec4ced9aa04f874cdf658cc173954a8455e9e92c088fc4b71fd00aa8",
    "https://v2-8-1--edge.netlify.com/bootstrap/headers.ts": "c119cb8c758d595a03a8396a3bdd41896c623fbab92adac69be76c3502589dbe",
    "https://v2-8-1--edge.netlify.com/bootstrap/index-combined.ts": "d3d3275ef36aff31e35a56da0db128b0f7403cecc4ca8c9af1e17cb78bfa5ae0",
    "https://v2-8-1--edge.netlify.com/bootstrap/invocation_metadata.ts": "e16572a7bdfb504ec7e8b19fa010ae832c5de97cabcc80b3746b47c723d5d197",
    "https://v2-8-1--edge.netlify.com/bootstrap/log/instrumented_log.ts": "a844ccdfe394448be89a540c74c1ddb3a03a11276114301a002ebdb08e24f136",
    "https://v2-8-1--edge.netlify.com/bootstrap/log/logger.ts": "8594f4d3ae28fb2067d0e9f93a5636e1213f79ff21f05f6b32de9432cfeae0fb",
    "https://v2-8-1--edge.netlify.com/bootstrap/path_parameters.ts": "8266dd6cbb4dbf859aa3536b1250b4daace8f00b2c82e7042006d8d0e448dd52",
    "https://v2-8-1--edge.netlify.com/bootstrap/request.ts": "8f0d2aeee6514276a60bb3e3763d991c7ae7bf29cf6ec9b26a2dd8c12a5442d5",
    "https://v2-8-1--edge.netlify.com/bootstrap/request_store.ts": "9270fb6d8fb25fb00af79a1406a52084f09d42aa5f8957377d8fecb1bc3b2f99",
    "https://v2-8-1--edge.netlify.com/bootstrap/response.ts": "4e0d2537f810028ddbe91138b3526dae3f4c3fb30ff17673342ca971207c21b7",
    "https://v2-8-1--edge.netlify.com/bootstrap/retry.ts": "f296ce40940395e9cceb45e7e6df2852cfdd04d560d63b66e0d448550b583f77",
    "https://v2-8-1--edge.netlify.com/bootstrap/router.ts": "b787249ecbd87c01a661957302a251ecf6653f3c22d5eb3a6a167b8d07264fdc",
    "https://v2-8-1--edge.netlify.com/bootstrap/server.ts": "6266587b87114e510ec9165117620b81e5a01bd24ab41753677e8c828536c5d7",
    "https://v2-8-1--edge.netlify.com/bootstrap/site.ts": "c4ab1ea61feaafcebfcc08fb8f501084c92094c5dc4051be049786f403dec0e5",
    "https://v2-8-1--edge.netlify.com/bootstrap/stage_2.ts": "a90258046f480d1e423c140d5cdbf305c860283e021d2bcf5eff36d5d6929114",
    "https://v2-8-1--edge.netlify.com/bootstrap/util/errors.ts": "e844f57dbb383a04c76523f1b2e30d8b99f8f7afb843a4b936e8d4d2a8a2d990",
    "https://v2-8-1--edge.netlify.com/bootstrap/util/execution_context.ts": "b07744eb142427731823df69cdb38a0dd63d7e0e0104a03012dd15a8a3ab8e4d",
    "https://v2-8-1--edge.netlify.com/bootstrap/util/fetch.ts": "d701c18a1cbb1624a5f1673d3d1db6b50dee0d27ab6c2a7127bf2a0b8dfc412a",
    "https://v2-8-1--edge.netlify.com/bootstrap/util/patch_globals.ts": "142ac9ed16a0389326b51305137006c4bccf10d873d534f3ebb28045fd8e646a",
    "https://v2-8-1--edge.netlify.com/bootstrap/util/redirect.ts": "bf583fc1a8e018694d842e75aff10cac04c36d12dead39a17f77d440c0c039c2",
    "https://v2-9-0--edge.netlify.com/bootstrap/account.ts": "2a728e5787f089e638732dd9a1bd782770d83d403b60bd6d35977045f77ecf70",
    "https://v2-9-0--edge.netlify.com/bootstrap/blobs.ts": "458b9d5385d1b67aa18bf98341de09b711aa131c1e3f6246a9400dfbe2a5bb8f",
    "https://v2-9-0--edge.netlify.com/bootstrap/bypass.ts": "225c35410fbe6f445f53d30e929f39a3547e8792d1147f5c016aa0068aba0b45",
    "https://v2-9-0--edge.netlify.com/bootstrap/cache.ts": "b8cbe411e9cac6529a11bce57fa1693aea14c1c614d977e23641efba8976dc66",
    "https://v2-9-0--edge.netlify.com/bootstrap/context.ts": "f8392d0bfc4a345f0508157a9ed1a8b0ac832275e5ae6fe9301a8268fbfeb0b5",
    "https://v2-9-0--edge.netlify.com/bootstrap/cookie.ts": "8b0baae708989ca183c6f3b4ab3d029e6abcbc2e43f93edeb0ff447b3bbc3a05",
    "https://v2-9-0--edge.netlify.com/bootstrap/cookie_store.ts": "83e87d7f704589e257effa270e1abbd9ad0e362f8eeb596be60350a528bc3c1a",
    "https://v2-9-0--edge.netlify.com/bootstrap/deno-fs.ts": "ccd0a9335de14e01d77e8937e2320c99a110f5f2a473b80126750e3884ef952a",
    "https://v2-9-0--edge.netlify.com/bootstrap/edge_function.ts": "b8253e86aa83c67341f5cfedeba5049d77fbf84dcab7eceff7566b7728ae9b39",
    "https://v2-9-0--edge.netlify.com/bootstrap/environment.ts": "6d8bfb2359f170db4a1e1513904e9610ed047d7c1187cc0ceb4f0356231fbdde",
    "https://v2-9-0--edge.netlify.com/bootstrap/feature_flags.ts": "39c1dbfa8f38994becb7fe8f36ca68fa1037b9a6ce47eb518f8dc00072731ee6",
    "https://v2-9-0--edge.netlify.com/bootstrap/function_chain.ts": "fd2250944c283d3e9946e6b422dc03731791efd06ff2f9fb4a9780b67777f3c0",
    "https://v2-9-0--edge.netlify.com/bootstrap/geo.ts": "5b51956f04a00ea82c787d559a528b16bd39a7622127b1a6571ba33e83872b4a",
    "https://v2-9-0--edge.netlify.com/bootstrap/globals.ts": "38f9e0be6c2c78206bf14d2387d41964d38bbe81644b3668e203c6f6473408a7",
    "https://v2-9-0--edge.netlify.com/bootstrap/handler.ts": "f8a9fdffec4ced9aa04f874cdf658cc173954a8455e9e92c088fc4b71fd00aa8",
    "https://v2-9-0--edge.netlify.com/bootstrap/headers.ts": "5da7f9e0e0e6ca1110e38fd12b5f0828ab94f9d1fb205006f15be2f65a9eb7dd",
    "https://v2-9-0--edge.netlify.com/bootstrap/index-combined.ts": "d3d3275ef36aff31e35a56da0db128b0f7403cecc4ca8c9af1e17cb78bfa5ae0",
    "https://v2-9-0--edge.netlify.com/bootstrap/invocation_metadata.ts": "e16572a7bdfb504ec7e8b19fa010ae832c5de97cabcc80b3746b47c723d5d197",
    "https://v2-9-0--edge.netlify.com/bootstrap/log/instrumented_log.ts": "a844ccdfe394448be89a540c74c1ddb3a03a11276114301a002ebdb08e24f136",
    "https://v2-9-0--edge.netlify.com/bootstrap/log/logger.ts": "8594f4d3ae28fb2067d0e9f93a5636e1213f79ff21f05f6b32de9432cfeae0fb",
    "https://v2-9-0--edge.netlify.com/bootstrap/path_parameters.ts": "8266dd6cbb4dbf859aa3536b1250b4daace8f00b2c82e7042006d8d0e448dd52",
    "https://v2-9-0--edge.netlify.com/bootstrap/request.ts": "a847659438a3b9ccb6cc02d3d13202b7338356e93bcb8175cb0249fdd26b85dc",
    "https://v2-9-0--edge.netlify.com/bootstrap/request_store.ts": "9270fb6d8fb25fb00af79a1406a52084f09d42aa5f8957377d8fecb1bc3b2f99",
    "https://v2-9-0--edge.netlify.com/bootstrap/response.ts": "4e0d2537f810028ddbe91138b3526dae3f4c3fb30ff17673342ca971207c21b7",
    "https://v2-9-0--edge.netlify.com/bootstrap/retry.ts": "f296ce40940395e9cceb45e7e6df2852cfdd04d560d63b66e0d448550b583f77",
    "https://v2-9-0--edge.netlify.com/bootstrap/router.ts": "b787249ecbd87c01a661957302a251ecf6653f3c22d5eb3a6a167b8d07264fdc",
    "https://v2-9-0--edge.netlify.com/bootstrap/server.ts": "6266587b87114e510ec9165117620b81e5a01bd24ab41753677e8c828536c5d7",
    "https://v2-9-0--edge.netlify.com/bootstrap/site.ts": "c4ab1ea61feaafcebfcc08fb8f501084c92094c5dc4051be049786f403dec0e5",
    "https://v2-9-0--edge.netlify.com/bootstrap/stage_2.ts": "a90258046f480d1e423c140d5cdbf305c860283e021d2bcf5eff36d5d6929114",
    "https://v2-9-0--edge.netlify.com/bootstrap/util/errors.ts": "e844f57dbb383a04c76523f1b2e30d8b99f8f7afb843a4b936e8d4d2a8a2d990",
    "https://v2-9-0--edge.netlify.com/bootstrap/util/execution_context.ts": "b07744eb142427731823df69cdb38a0dd63d7e0e0104a03012dd15a8a3ab8e4d",
    "https://v2-9-0--edge.netlify.com/bootstrap/util/fetch.ts": "d701c18a1cbb1624a5f1673d3d1db6b50dee0d27ab6c2a7127bf2a0b8dfc412a",
    "https://v2-9-0--edge.netlify.com/bootstrap/util/patch_globals.ts": "142ac9ed16a0389326b51305137006c4bccf10d873d534f3ebb28045fd8e646a",
    "https://v2-9-0--edge.netlify.com/bootstrap/util/redirect.ts": "bf583fc1a8e018694d842e75aff10cac04c36d12dead39a17f77d440c0c039c2"
  },
  "workspace": {
    "packageJson": {
      "dependencies": [
        "npm:@akamfoad/qr@^0.4.0",
        "npm:@aws-sdk/client-s3@^3.884.0",
        "npm:@aws-sdk/s3-request-presigner@^3.884.0",
        "npm:@ffmpeg/core@^0.12.10",
        "npm:@ffmpeg/ffmpeg@^0.12.15",
        "npm:@geckos.io/client@^3.0.2",
        "npm:@google-cloud/text-to-speech@^6.3.0",
        "npm:@grpc/grpc-js@^1.13.4",
        "npm:@mediapipe/hands@^0.4.1675469240",
        "npm:@mediapipe/tasks-vision@^20230920.0.0",
        "npm:@netlify/edge-functions@^2.17.4",
        "npm:@netlify/functions@^4.2.5",
        "npm:@sparticuz/chromium@^138.0.2",
        "npm:@taquito/signer@^22.0.0",
        "npm:@taquito/taquito@^22.0.0",
        "npm:@taquito/utils@^22.0.0",
        "npm:busboy@^1.6.0",
        "npm:crypto@^1.0.1",
        "npm:discord-interactions@^4.3.0",
        "npm:eventsource-parser@^3.0.6",
        "npm:express-oauth2-jwt-bearer@^1.7.1",
        "npm:firebase-admin@^13.5.0",
        "npm:gif.js@^0.2.0",
        "npm:gifenc@^1.0.3",
        "npm:gl-matrix@^3.4.4",
        "npm:got@^14.4.8",
        "npm:gotrue-js@^0.9.29",
        "npm:gpt3-tokenizer@^1.1.5",
        "npm:he@^1.2.0",
        "npm:http-server@^14.1.1",
        "npm:idb@^8.0.3",
        "npm:jest@^30.1.3",
        "npm:jsonwebtoken@^9.0.2",
        "npm:jszip@^3.10.1",
        "npm:keyv@^5.5.0",
        "npm:kill-port@^2.0.1",
        "npm:mongodb@^6.19.0",
        "npm:nanoid@^5.1.5",
        "npm:netlify-cli@^23.5.1",
        "npm:netlify-plugin-chromium@^1.1.4",
        "npm:nodemailer@^7.0.6",
        "npm:npm-check-updates@^18.1.0",
        "npm:obscenity@^0.4.5",
        "npm:openai@^5.20.0",
        "npm:playwright-core@^1.55.0",
        "npm:prettier@^3.6.2",
        "npm:puppeteer-core@^24.19.0",
        "npm:redis@^5.8.2",
        "npm:sharp@^0.34.3",
        "npm:stripe@^18.5.0",
        "npm:three@^0.180.0",
        "npm:typescript@^5.9.2",
        "npm:wasmboy@^0.7.1",
        "npm:web3@^4.16.0",
        "npm:webpxmux@^0.0.2"
      ]
    }
  }
}
