{
  "version": "3",
  "remote": {
    "https://deno.land/std@0.170.0/_util/asserts.ts": "d0844e9b62510f89ce1f9878b046f6a57bf88f208a10304aab50efcb48365272",
    "https://deno.land/std@0.170.0/async/abortable.ts": "80b2ac399f142cc528f95a037a7d0e653296352d95c681e284533765961de409",
    "https://deno.land/std@0.170.0/async/deadline.ts": "2c2deb53c7c28ca1dda7a3ad81e70508b1ebc25db52559de6b8636c9278fd41f",
    "https://deno.land/std@0.170.0/async/debounce.ts": "60301ffb37e730cd2d6f9dadfd0ecb2a38857681bd7aaf6b0a106b06e5210a98",
    "https://deno.land/std@0.170.0/async/deferred.ts": "77d3f84255c3627f1cc88699d8472b664d7635990d5358c4351623e098e917d6",
    "https://deno.land/std@0.170.0/async/delay.ts": "5a9bfba8de38840308a7a33786a0155a7f6c1f7a859558ddcec5fe06e16daf57",
    "https://deno.land/std@0.170.0/async/mod.ts": "7809ad4bb223e40f5fdc043e5c7ca04e0e25eed35c32c3c32e28697c553fa6d9",
    "https://deno.land/std@0.170.0/async/mux_async_iterator.ts": "770a0ff26c59f8bbbda6b703a2235f04e379f73238e8d66a087edc68c2a2c35f",
    "https://deno.land/std@0.170.0/async/pool.ts": "6854d8cd675a74c73391c82005cbbe4cc58183bddcd1fbbd7c2bcda42b61cf69",
    "https://deno.land/std@0.170.0/async/retry.ts": "e8e5173623915bbc0ddc537698fa418cf875456c347eda1ed453528645b42e67",
    "https://deno.land/std@0.170.0/async/tee.ts": "3a47cc4e9a940904fd4341f0224907e199121c80b831faa5ec2b054c6d2eff5e",
    "https://deno.land/std@0.170.0/datetime/to_imf.ts": "bdb0704a986a9bb48fba220722b3d4681e4b8c9c162562ee545ef2eb90b6edcd",
    "https://deno.land/std@0.170.0/encoding/base64.ts": "8605e018e49211efc767686f6f687827d7f5fd5217163e981d8d693105640d7a",
    "https://deno.land/std@0.170.0/flags/mod.ts": "4f50ec6383c02684db35de38b3ffb2cd5b9fcfcc0b1147055d1980c49e82521c",
    "https://deno.land/std@0.170.0/http/cookie.ts": "581464551b3d91739f699fbd6a429e6e8701ae252cf295efcda7379e8410d204",
    "https://deno.land/std@0.170.0/http/http_status.ts": "ed24048cc0d06066c944da59b0301da3ae2f990564bb4ad79bb52a09cf8e9b30",
    "https://edge.netlify.com/": "ff84a16f192fdb43db8b9dff869889f555c05857d075044d2a7cfa54c283a0a0",
    "https://edge.netlify.com/bootstrap/config.ts": "0aa0a225d978b89e0e62cbd853701605199e7a84095e55eeb70147faf1a24803",
    "https://edge.netlify.com/bootstrap/context.ts": "8f99269eeeeccf9b852e6089cc648c962a0ea20b2198b8b38b38e3b2ce2b9143",
    "https://edge.netlify.com/bootstrap/cookie.ts": "8b0baae708989ca183c6f3b4ab3d029e6abcbc2e43f93edeb0ff447b3bbc3a05",
    "https://edge.netlify.com/bootstrap/edge_function.ts": "b8253e86aa83c67341f5cfedeba5049d77fbf84dcab7eceff7566b7728ae9b39",
    "https://edge.netlify.com/bootstrap/globals.ts": "38f9e0be6c2c78206bf14d2387d41964d38bbe81644b3668e203c6f6473408a7",
    "https://esm.sh/cache-control-parser@2.0.2": "593aa3a40c8885a7459d1125eb2096da3ec6c66b85620a1d3bcb035cd021233f",
    "https://esm.sh/v135/cache-control-parser@2.0.2/denonext/cache-control-parser.mjs": "c2ad4a3f3b688914214d1facf9254617ac551c6a203a2353050c9882d26ab219",
    "https://v1-7-0--edge-utils.netlify.app/logger/logger.ts": "5e27d74386449246cb2b0b7ac4e2e15bc60965e188fdde15bb5897e28ecb31fa",
    "https://v1-7-0--edge-utils.netlify.app/logger/mod.ts": "669a5ec2dceede2926b0e1a7471c449a445f957c1deac559e07fb4c2af390ed1",
    "https://v2-8-1--edge.netlify.com/bootstrap/account.ts": "2a728e5787f089e638732dd9a1bd782770d83d403b60bd6d35977045f77ecf70",
    "https://v2-8-1--edge.netlify.com/bootstrap/blobs.ts": "458b9d5385d1b67aa18bf98341de09b711aa131c1e3f6246a9400dfbe2a5bb8f",
    "https://v2-8-1--edge.netlify.com/bootstrap/bypass.ts": "225c35410fbe6f445f53d30e929f39a3547e8792d1147f5c016aa0068aba0b45",
    "https://v2-8-1--edge.netlify.com/bootstrap/cache.ts": "b8cbe411e9cac6529a11bce57fa1693aea14c1c614d977e23641efba8976dc66",
    "https://v2-8-1--edge.netlify.com/bootstrap/context.ts": "8f99269eeeeccf9b852e6089cc648c962a0ea20b2198b8b38b38e3b2ce2b9143",
    "https://v2-8-1--edge.netlify.com/bootstrap/cookie.ts": "8b0baae708989ca183c6f3b4ab3d029e6abcbc2e43f93edeb0ff447b3bbc3a05",
    "https://v2-8-1--edge.netlify.com/bootstrap/cookie_store.ts": "83e87d7f704589e257effa270e1abbd9ad0e362f8eeb596be60350a528bc3c1a",
    "https://v2-8-1--edge.netlify.com/bootstrap/deno-fs.ts": "ccd0a9335de14e01d77e8937e2320c99a110f5f2a473b80126750e3884ef952a",
    "https://v2-8-1--edge.netlify.com/bootstrap/edge_function.ts": "b8253e86aa83c67341f5cfedeba5049d77fbf84dcab7eceff7566b7728ae9b39",
    "https://v2-8-1--edge.netlify.com/bootstrap/environment.ts": "c08728e19705bfa2a2f28e28875dd7759cbefdff8fcdd0050453def67286f354",
    "https://v2-8-1--edge.netlify.com/bootstrap/feature_flags.ts": "39c1dbfa8f38994becb7fe8f36ca68fa1037b9a6ce47eb518f8dc00072731ee6",
    "https://v2-8-1--edge.netlify.com/bootstrap/function_chain.ts": "fd2250944c283d3e9946e6b422dc03731791efd06ff2f9fb4a9780b67777f3c0",
    "https://v2-8-1--edge.netlify.com/bootstrap/geo.ts": "5b51956f04a00ea82c787d559a528b16bd39a7622127b1a6571ba33e83872b4a",
    "https://v2-8-1--edge.netlify.com/bootstrap/globals.ts": "38f9e0be6c2c78206bf14d2387d41964d38bbe81644b3668e203c6f6473408a7",
    "https://v2-8-1--edge.netlify.com/bootstrap/handler.ts": "f8a9fdffec4ced9aa04f874cdf658cc173954a8455e9e92c088fc4b71fd00aa8",
    "https://v2-8-1--edge.netlify.com/bootstrap/headers.ts": "c119cb8c758d595a03a8396a3bdd41896c623fbab92adac69be76c3502589dbe",
    "https://v2-8-1--edge.netlify.com/bootstrap/index-combined.ts": "d3d3275ef36aff31e35a56da0db128b0f7403cecc4ca8c9af1e17cb78bfa5ae0",
    "https://v2-8-1--edge.netlify.com/bootstrap/invocation_metadata.ts": "e16572a7bdfb504ec7e8b19fa010ae832c5de97cabcc80b3746b47c723d5d197",
    "https://v2-8-1--edge.netlify.com/bootstrap/log/instrumented_log.ts": "a844ccdfe394448be89a540c74c1ddb3a03a11276114301a002ebdb08e24f136",
    "https://v2-8-1--edge.netlify.com/bootstrap/log/logger.ts": "8594f4d3ae28fb2067d0e9f93a5636e1213f79ff21f05f6b32de9432cfeae0fb",
    "https://v2-8-1--edge.netlify.com/bootstrap/path_parameters.ts": "8266dd6cbb4dbf859aa3536b1250b4daace8f00b2c82e7042006d8d0e448dd52",
    "https://v2-8-1--edge.netlify.com/bootstrap/request.ts": "8f0d2aeee6514276a60bb3e3763d991c7ae7bf29cf6ec9b26a2dd8c12a5442d5",
    "https://v2-8-1--edge.netlify.com/bootstrap/request_store.ts": "9270fb6d8fb25fb00af79a1406a52084f09d42aa5f8957377d8fecb1bc3b2f99",
    "https://v2-8-1--edge.netlify.com/bootstrap/response.ts": "4e0d2537f810028ddbe91138b3526dae3f4c3fb30ff17673342ca971207c21b7",
    "https://v2-8-1--edge.netlify.com/bootstrap/retry.ts": "f296ce40940395e9cceb45e7e6df2852cfdd04d560d63b66e0d448550b583f77",
    "https://v2-8-1--edge.netlify.com/bootstrap/router.ts": "b787249ecbd87c01a661957302a251ecf6653f3c22d5eb3a6a167b8d07264fdc",
    "https://v2-8-1--edge.netlify.com/bootstrap/server.ts": "6266587b87114e510ec9165117620b81e5a01bd24ab41753677e8c828536c5d7",
    "https://v2-8-1--edge.netlify.com/bootstrap/site.ts": "c4ab1ea61feaafcebfcc08fb8f501084c92094c5dc4051be049786f403dec0e5",
    "https://v2-8-1--edge.netlify.com/bootstrap/stage_2.ts": "a90258046f480d1e423c140d5cdbf305c860283e021d2bcf5eff36d5d6929114",
    "https://v2-8-1--edge.netlify.com/bootstrap/util/errors.ts": "e844f57dbb383a04c76523f1b2e30d8b99f8f7afb843a4b936e8d4d2a8a2d990",
    "https://v2-8-1--edge.netlify.com/bootstrap/util/execution_context.ts": "b07744eb142427731823df69cdb38a0dd63d7e0e0104a03012dd15a8a3ab8e4d",
    "https://v2-8-1--edge.netlify.com/bootstrap/util/fetch.ts": "d701c18a1cbb1624a5f1673d3d1db6b50dee0d27ab6c2a7127bf2a0b8dfc412a",
    "https://v2-8-1--edge.netlify.com/bootstrap/util/patch_globals.ts": "142ac9ed16a0389326b51305137006c4bccf10d873d534f3ebb28045fd8e646a",
    "https://v2-8-1--edge.netlify.com/bootstrap/util/redirect.ts": "bf583fc1a8e018694d842e75aff10cac04c36d12dead39a17f77d440c0c039c2"
  },
  "workspace": {
    "packageJson": {
      "dependencies": [
        "npm:@akamfoad/qr@^0.4.0",
        "npm:@aws-sdk/client-s3@^3.583.0",
        "npm:@aws-sdk/s3-request-presigner@^3.583.0",
        "npm:@ffmpeg/core@^0.12.6",
        "npm:@ffmpeg/ffmpeg@^0.12.10",
        "npm:@geckos.io/client@^3.0.0",
        "npm:@google-cloud/text-to-speech@^5.3.0",
        "npm:@grpc/grpc-js@^1.10.8",
        "npm:@mediapipe/hands@^0.4.1675469240",
        "npm:@mediapipe/tasks-vision@^0.10.14",
        "npm:@netlify/functions@^2.7.0",
        "npm:busboy@^1.6.0",
        "npm:crypto@^1.0.1",
        "npm:discord-interactions@^3.4.0",
        "npm:express-oauth2-jwt-bearer@^1.6.0",
        "npm:firebase-admin@^12.1.1",
        "npm:gl-matrix@^3.4.3",
        "npm:got@^14.3.0",
        "npm:gotrue-js@^0.9.29",
        "npm:gpt3-tokenizer@^1.1.5",
        "npm:http-server@^14.1.1",
        "npm:idb@^8.0.0",
        "npm:jest@^29.7.0",
        "npm:jsonwebtoken@^9.0.2",
        "npm:jszip@^3.10.1",
        "npm:keyv@^4.5.4",
        "npm:kill-port@^2.0.1",
        "npm:mongodb@^6.6.2",
        "npm:nanoid@^5.0.7",
        "npm:netlify-cli@^17.26.3",
        "npm:nodemailer@^6.9.13",
        "npm:npm-check-updates@^16.14.20",
        "npm:obscenity@^0.2.1",
        "npm:openai@^4.47.1",
        "npm:parcel-reporter-static-files-copy@^1.5.3",
        "npm:parcel@^2.12.0",
        "npm:patreon@^0.4.1",
        "npm:playwright-core@^1.44.1",
        "npm:prettier@^3.2.5",
        "npm:puppeteer@^21.10.0",
        "npm:redis@^4.6.14",
        "npm:rollup@^4.18.0",
        "npm:sharp@^0.33.4",
        "npm:stripe@^15.8.0",
        "npm:terser@^5.31.0",
        "npm:three@^0.164.1",
        "npm:typescript@^5.4.5",
        "npm:uglify@^0.1.5",
        "npm:web3@^4.9.0"
      ]
    }
  }
}
