// !$*UTF8*$!
{
	archiveVersion = 1;
	classes = {
	};
	objectVersion = 56;
	objects = {

/* Begin PBXBuildFile section */
		41F5CDC72B2931AF00F7FF87 /* aesthetic_computerApp.swift in Sources */ = {isa = PBXBuildFile; fileRef = 41F5CDC62B2931AF00F7FF87 /* aesthetic_computerApp.swift */; };
		41F5CDC92B2931AF00F7FF87 /* ContentView.swift in Sources */ = {isa = PBXBuildFile; fileRef = 41F5CDC82B2931AF00F7FF87 /* ContentView.swift */; };
		41F5CDCB2B2931B000F7FF87 /* Assets.xcassets in Resources */ = {isa = PBXBuildFile; fileRef = 41F5CDCA2B2931B000F7FF87 /* Assets.xcassets */; };
		41F5CDCE2B2931B000F7FF87 /* Preview Assets.xcassets in Resources */ = {isa = PBXBuildFile; fileRef = 41F5CDCD2B2931B000F7FF87 /* Preview Assets.xcassets */; };
		41F5CDD62B29333300F7FF87 /* FirebaseAnalytics in Frameworks */ = {isa = PBXBuildFile; productRef = 41F5CDD52B29333300F7FF87 /* FirebaseAnalytics */; };
		41F5CDD82B29333300F7FF87 /* FirebaseAnalyticsOnDeviceConversion in Frameworks */ = {isa = PBXBuildFile; productRef = 41F5CDD72B29333300F7FF87 /* FirebaseAnalyticsOnDeviceConversion */; };
		41F5CDDA2B29333300F7FF87 /* FirebaseAnalyticsSwift in Frameworks */ = {isa = PBXBuildFile; productRef = 41F5CDD92B29333300F7FF87 /* FirebaseAnalyticsSwift */; };
		41F5CDDC2B29333300F7FF87 /* FirebaseAnalyticsWithoutAdIdSupport in Frameworks */ = {isa = PBXBuildFile; productRef = 41F5CDDB2B29333300F7FF87 /* FirebaseAnalyticsWithoutAdIdSupport */; };
		41F5CDDE2B29333300F7FF87 /* FirebaseAppCheck in Frameworks */ = {isa = PBXBuildFile; productRef = 41F5CDDD2B29333300F7FF87 /* FirebaseAppCheck */; };
		41F5CDE12B29348800F7FF87 /* FirebaseMessaging in Frameworks */ = {isa = PBXBuildFile; productRef = 41F5CDE02B29348800F7FF87 /* FirebaseMessaging */; };
		41F5CDE82B29356F00F7FF87 /* Messages.framework in Frameworks */ = {isa = PBXBuildFile; fileRef = 41F5CDE72B29356F00F7FF87 /* Messages.framework */; };
		41F5CDEB2B29356F00F7FF87 /* MessagesViewController.swift in Sources */ = {isa = PBXBuildFile; fileRef = 41F5CDEA2B29356F00F7FF87 /* MessagesViewController.swift */; };
		41F5CDEE2B29356F00F7FF87 /* MainInterface.storyboard in Resources */ = {isa = PBXBuildFile; fileRef = 41F5CDEC2B29356F00F7FF87 /* MainInterface.storyboard */; };
		41F5CDF42B29356F00F7FF87 /* aesthetic.appex in Embed Foundation Extensions */ = {isa = PBXBuildFile; fileRef = 41F5CDE62B29356F00F7FF87 /* aesthetic.appex */; settings = {ATTRIBUTES = (RemoveHeadersOnCopy, ); }; };
		41F5CDFA2B2937D600F7FF87 /* GoogleService-Info.plist in Resources */ = {isa = PBXBuildFile; fileRef = 41F5CDF92B2937D600F7FF87 /* GoogleService-Info.plist */; };
		41F5CDFD2B293C7B00F7FF87 /* Assets.xcassets in Resources */ = {isa = PBXBuildFile; fileRef = 41F5CDEF2B29356F00F7FF87 /* Assets.xcassets */; };
/* End PBXBuildFile section */

/* Begin PBXContainerItemProxy section */
		41F5CDF22B29356F00F7FF87 /* PBXContainerItemProxy */ = {
			isa = PBXContainerItemProxy;
			containerPortal = 41F5CDBB2B2931AF00F7FF87 /* Project object */;
			proxyType = 1;
			remoteGlobalIDString = 41F5CDE52B29356F00F7FF87;
			remoteInfo = aesthetic;
		};
/* End PBXContainerItemProxy section */

/* Begin PBXCopyFilesBuildPhase section */
		41F5CDF82B29357000F7FF87 /* Embed Foundation Extensions */ = {
			isa = PBXCopyFilesBuildPhase;
			buildActionMask = 2147483647;
			dstPath = "";
			dstSubfolderSpec = 13;
			files = (
				41F5CDF42B29356F00F7FF87 /* aesthetic.appex in Embed Foundation Extensions */,
			);
			name = "Embed Foundation Extensions";
			runOnlyForDeploymentPostprocessing = 0;
		};
/* End PBXCopyFilesBuildPhase section */

/* Begin PBXFileReference section */
		41CFB5D12B2A5D8D001954C9 /* aesthetic-computer-Info.plist */ = {isa = PBXFileReference; lastKnownFileType = text.plist; path = "aesthetic-computer-Info.plist"; sourceTree = SOURCE_ROOT; };
		41F5CDC32B2931AF00F7FF87 /* aesthetic.computer.app */ = {isa = PBXFileReference; explicitFileType = wrapper.application; includeInIndex = 0; path = aesthetic.computer.app; sourceTree = BUILT_PRODUCTS_DIR; };
		41F5CDC62B2931AF00F7FF87 /* aesthetic_computerApp.swift */ = {isa = PBXFileReference; lastKnownFileType = sourcecode.swift; path = aesthetic_computerApp.swift; sourceTree = "<group>"; };
		41F5CDC82B2931AF00F7FF87 /* ContentView.swift */ = {isa = PBXFileReference; lastKnownFileType = sourcecode.swift; path = ContentView.swift; sourceTree = "<group>"; };
		41F5CDCA2B2931B000F7FF87 /* Assets.xcassets */ = {isa = PBXFileReference; lastKnownFileType = folder.assetcatalog; path = Assets.xcassets; sourceTree = "<group>"; };
		41F5CDCD2B2931B000F7FF87 /* Preview Assets.xcassets */ = {isa = PBXFileReference; lastKnownFileType = folder.assetcatalog; path = "Preview Assets.xcassets"; sourceTree = "<group>"; };
		41F5CDE62B29356F00F7FF87 /* aesthetic.appex */ = {isa = PBXFileReference; explicitFileType = "wrapper.app-extension"; includeInIndex = 0; path = aesthetic.appex; sourceTree = BUILT_PRODUCTS_DIR; };
		41F5CDE72B29356F00F7FF87 /* Messages.framework */ = {isa = PBXFileReference; lastKnownFileType = wrapper.framework; name = Messages.framework; path = System/Library/Frameworks/Messages.framework; sourceTree = SDKROOT; };
		41F5CDEA2B29356F00F7FF87 /* MessagesViewController.swift */ = {isa = PBXFileReference; lastKnownFileType = sourcecode.swift; path = MessagesViewController.swift; sourceTree = "<group>"; };
		41F5CDED2B29356F00F7FF87 /* Base */ = {isa = PBXFileReference; lastKnownFileType = file.storyboard; name = Base; path = Base.lproj/MainInterface.storyboard; sourceTree = "<group>"; };
		41F5CDEF2B29356F00F7FF87 /* Assets.xcassets */ = {isa = PBXFileReference; lastKnownFileType = folder.assetcatalog; path = Assets.xcassets; sourceTree = "<group>"; };
		41F5CDF12B29356F00F7FF87 /* Info.plist */ = {isa = PBXFileReference; lastKnownFileType = text.plist.xml; path = Info.plist; sourceTree = "<group>"; };
		41F5CDF92B2937D600F7FF87 /* GoogleService-Info.plist */ = {isa = PBXFileReference; fileEncoding = 4; lastKnownFileType = text.plist.xml; path = "GoogleService-Info.plist"; sourceTree = "<group>"; };
		41F5CDFB2B2937E300F7FF87 /* aesthetic.computer-release.entitlements */ = {isa = PBXFileReference; lastKnownFileType = text.plist.entitlements; path = "aesthetic.computer-release.entitlements"; sourceTree = "<group>"; };
		41F5CDFC2B2937E300F7FF87 /* aesthetic.computer.entitlements */ = {isa = PBXFileReference; lastKnownFileType = text.plist.entitlements; path = aesthetic.computer.entitlements; sourceTree = "<group>"; };
/* End PBXFileReference section */

/* Begin PBXFrameworksBuildPhase section */
		41F5CDC02B2931AF00F7FF87 /* Frameworks */ = {
			isa = PBXFrameworksBuildPhase;
			buildActionMask = 2147483647;
			files = (
				41F5CDE12B29348800F7FF87 /* FirebaseMessaging in Frameworks */,
				41F5CDDA2B29333300F7FF87 /* FirebaseAnalyticsSwift in Frameworks */,
				41F5CDD62B29333300F7FF87 /* FirebaseAnalytics in Frameworks */,
				41F5CDD82B29333300F7FF87 /* FirebaseAnalyticsOnDeviceConversion in Frameworks */,
				41F5CDDE2B29333300F7FF87 /* FirebaseAppCheck in Frameworks */,
				41F5CDDC2B29333300F7FF87 /* FirebaseAnalyticsWithoutAdIdSupport in Frameworks */,
			);
			runOnlyForDeploymentPostprocessing = 0;
		};
		41F5CDE32B29356F00F7FF87 /* Frameworks */ = {
			isa = PBXFrameworksBuildPhase;
			buildActionMask = 2147483647;
			files = (
				41F5CDE82B29356F00F7FF87 /* Messages.framework in Frameworks */,
			);
			runOnlyForDeploymentPostprocessing = 0;
		};
/* End PBXFrameworksBuildPhase section */

/* Begin PBXGroup section */
		41F5CDBA2B2931AF00F7FF87 = {
			isa = PBXGroup;
			children = (
				41F5CDC52B2931AF00F7FF87 /* aesthetic.computer */,
				41F5CDE92B29356F00F7FF87 /* aesthetic */,
				41F5CDC42B2931AF00F7FF87 /* Products */,
				41F5CDDF2B29348800F7FF87 /* Frameworks */,
			);
			sourceTree = "<group>";
		};
		41F5CDC42B2931AF00F7FF87 /* Products */ = {
			isa = PBXGroup;
			children = (
				41F5CDC32B2931AF00F7FF87 /* aesthetic.computer.app */,
				41F5CDE62B29356F00F7FF87 /* aesthetic.appex */,
			);
			name = Products;
			sourceTree = "<group>";
		};
		41F5CDC52B2931AF00F7FF87 /* aesthetic.computer */ = {
			isa = PBXGroup;
			children = (
				41CFB5D12B2A5D8D001954C9 /* aesthetic-computer-Info.plist */,
				41F5CDFB2B2937E300F7FF87 /* aesthetic.computer-release.entitlements */,
				41F5CDFC2B2937E300F7FF87 /* aesthetic.computer.entitlements */,
				41F5CDF92B2937D600F7FF87 /* GoogleService-Info.plist */,
				41F5CDC62B2931AF00F7FF87 /* aesthetic_computerApp.swift */,
				41F5CDC82B2931AF00F7FF87 /* ContentView.swift */,
				41F5CDCA2B2931B000F7FF87 /* Assets.xcassets */,
				41F5CDCC2B2931B000F7FF87 /* Preview Content */,
			);
			path = aesthetic.computer;
			sourceTree = "<group>";
		};
		41F5CDCC2B2931B000F7FF87 /* Preview Content */ = {
			isa = PBXGroup;
			children = (
				41F5CDCD2B2931B000F7FF87 /* Preview Assets.xcassets */,
			);
			path = "Preview Content";
			sourceTree = "<group>";
		};
		41F5CDDF2B29348800F7FF87 /* Frameworks */ = {
			isa = PBXGroup;
			children = (
				41F5CDE72B29356F00F7FF87 /* Messages.framework */,
			);
			name = Frameworks;
			sourceTree = "<group>";
		};
		41F5CDE92B29356F00F7FF87 /* aesthetic */ = {
			isa = PBXGroup;
			children = (
				41F5CDEA2B29356F00F7FF87 /* MessagesViewController.swift */,
				41F5CDEC2B29356F00F7FF87 /* MainInterface.storyboard */,
				41F5CDEF2B29356F00F7FF87 /* Assets.xcassets */,
				41F5CDF12B29356F00F7FF87 /* Info.plist */,
			);
			path = aesthetic;
			sourceTree = "<group>";
		};
/* End PBXGroup section */

/* Begin PBXNativeTarget section */
		41F5CDC22B2931AF00F7FF87 /* aesthetic.computer */ = {
			isa = PBXNativeTarget;
			buildConfigurationList = 41F5CDD12B2931B000F7FF87 /* Build configuration list for PBXNativeTarget "aesthetic.computer" */;
			buildPhases = (
				41F5CDBF2B2931AF00F7FF87 /* Sources */,
				41F5CDC02B2931AF00F7FF87 /* Frameworks */,
				41F5CDC12B2931AF00F7FF87 /* Resources */,
				41F5CDF82B29357000F7FF87 /* Embed Foundation Extensions */,
			);
			buildRules = (
			);
			dependencies = (
				41F5CDF32B29356F00F7FF87 /* PBXTargetDependency */,
			);
			name = aesthetic.computer;
			packageProductDependencies = (
				41F5CDD52B29333300F7FF87 /* FirebaseAnalytics */,
				41F5CDD72B29333300F7FF87 /* FirebaseAnalyticsOnDeviceConversion */,
				41F5CDD92B29333300F7FF87 /* FirebaseAnalyticsSwift */,
				41F5CDDB2B29333300F7FF87 /* FirebaseAnalyticsWithoutAdIdSupport */,
				41F5CDDD2B29333300F7FF87 /* FirebaseAppCheck */,
				41F5CDE02B29348800F7FF87 /* FirebaseMessaging */,
			);
			productName = aesthetic.computer;
			productReference = 41F5CDC32B2931AF00F7FF87 /* aesthetic.computer.app */;
			productType = "com.apple.product-type.application";
		};
		41F5CDE52B29356F00F7FF87 /* aesthetic */ = {
			isa = PBXNativeTarget;
			buildConfigurationList = 41F5CDF52B29357000F7FF87 /* Build configuration list for PBXNativeTarget "aesthetic" */;
			buildPhases = (
				41F5CDE22B29356F00F7FF87 /* Sources */,
				41F5CDE32B29356F00F7FF87 /* Frameworks */,
				41F5CDE42B29356F00F7FF87 /* Resources */,
			);
			buildRules = (
			);
			dependencies = (
			);
			name = aesthetic;
			productName = aesthetic;
			productReference = 41F5CDE62B29356F00F7FF87 /* aesthetic.appex */;
			productType = "com.apple.product-type.app-extension.messages";
		};
/* End PBXNativeTarget section */

/* Begin PBXProject section */
		41F5CDBB2B2931AF00F7FF87 /* Project object */ = {
			isa = PBXProject;
			attributes = {
				BuildIndependentTargetsInParallel = 1;
				LastSwiftUpdateCheck = 1510;
				LastUpgradeCheck = 1510;
				TargetAttributes = {
					41F5CDC22B2931AF00F7FF87 = {
						CreatedOnToolsVersion = 15.1;
					};
					41F5CDE52B29356F00F7FF87 = {
						CreatedOnToolsVersion = 15.1;
					};
				};
			};
			buildConfigurationList = 41F5CDBE2B2931AF00F7FF87 /* Build configuration list for PBXProject "aesthetic.computer" */;
			compatibilityVersion = "Xcode 14.0";
			developmentRegion = en;
			hasScannedForEncodings = 0;
			knownRegions = (
				en,
				Base,
			);
			mainGroup = 41F5CDBA2B2931AF00F7FF87;
			packageReferences = (
				41F5CDD42B29333300F7FF87 /* XCRemoteSwiftPackageReference "firebase-ios-sdk" */,
			);
			productRefGroup = 41F5CDC42B2931AF00F7FF87 /* Products */;
			projectDirPath = "";
			projectRoot = "";
			targets = (
				41F5CDC22B2931AF00F7FF87 /* aesthetic.computer */,
				41F5CDE52B29356F00F7FF87 /* aesthetic */,
			);
		};
/* End PBXProject section */

/* Begin PBXResourcesBuildPhase section */
		41F5CDC12B2931AF00F7FF87 /* Resources */ = {
			isa = PBXResourcesBuildPhase;
			buildActionMask = 2147483647;
			files = (
				41F5CDCE2B2931B000F7FF87 /* Preview Assets.xcassets in Resources */,
				41F5CDCB2B2931B000F7FF87 /* Assets.xcassets in Resources */,
				41F5CDFA2B2937D600F7FF87 /* GoogleService-Info.plist in Resources */,
			);
			runOnlyForDeploymentPostprocessing = 0;
		};
		41F5CDE42B29356F00F7FF87 /* Resources */ = {
			isa = PBXResourcesBuildPhase;
			buildActionMask = 2147483647;
			files = (
				41F5CDFD2B293C7B00F7FF87 /* Assets.xcassets in Resources */,
				41F5CDEE2B29356F00F7FF87 /* MainInterface.storyboard in Resources */,
			);
			runOnlyForDeploymentPostprocessing = 0;
		};
/* End PBXResourcesBuildPhase section */

/* Begin PBXSourcesBuildPhase section */
		41F5CDBF2B2931AF00F7FF87 /* Sources */ = {
			isa = PBXSourcesBuildPhase;
			buildActionMask = 2147483647;
			files = (
				41F5CDC92B2931AF00F7FF87 /* ContentView.swift in Sources */,
				41F5CDC72B2931AF00F7FF87 /* aesthetic_computerApp.swift in Sources */,
			);
			runOnlyForDeploymentPostprocessing = 0;
		};
		41F5CDE22B29356F00F7FF87 /* Sources */ = {
			isa = PBXSourcesBuildPhase;
			buildActionMask = 2147483647;
			files = (
				41F5CDEB2B29356F00F7FF87 /* MessagesViewController.swift in Sources */,
			);
			runOnlyForDeploymentPostprocessing = 0;
		};
/* End PBXSourcesBuildPhase section */

/* Begin PBXTargetDependency section */
		41F5CDF32B29356F00F7FF87 /* PBXTargetDependency */ = {
			isa = PBXTargetDependency;
			target = 41F5CDE52B29356F00F7FF87 /* aesthetic */;
			targetProxy = 41F5CDF22B29356F00F7FF87 /* PBXContainerItemProxy */;
		};
/* End PBXTargetDependency section */

/* Begin PBXVariantGroup section */
		41F5CDEC2B29356F00F7FF87 /* MainInterface.storyboard */ = {
			isa = PBXVariantGroup;
			children = (
				41F5CDED2B29356F00F7FF87 /* Base */,
			);
			name = MainInterface.storyboard;
			sourceTree = "<group>";
		};
/* End PBXVariantGroup section */

/* Begin XCBuildConfiguration section */
		41F5CDCF2B2931B000F7FF87 /* Debug */ = {
			isa = XCBuildConfiguration;
			buildSettings = {
				ALWAYS_SEARCH_USER_PATHS = NO;
				ASSETCATALOG_COMPILER_GENERATE_SWIFT_ASSET_SYMBOL_EXTENSIONS = YES;
				CLANG_ANALYZER_NONNULL = YES;
				CLANG_ANALYZER_NUMBER_OBJECT_CONVERSION = YES_AGGRESSIVE;
				CLANG_CXX_LANGUAGE_STANDARD = "gnu++20";
				CLANG_ENABLE_MODULES = YES;
				CLANG_ENABLE_OBJC_ARC = YES;
				CLANG_ENABLE_OBJC_WEAK = YES;
				CLANG_WARN_BLOCK_CAPTURE_AUTORELEASING = YES;
				CLANG_WARN_BOOL_CONVERSION = YES;
				CLANG_WARN_COMMA = YES;
				CLANG_WARN_CONSTANT_CONVERSION = YES;
				CLANG_WARN_DEPRECATED_OBJC_IMPLEMENTATIONS = YES;
				CLANG_WARN_DIRECT_OBJC_ISA_USAGE = YES_ERROR;
				CLANG_WARN_DOCUMENTATION_COMMENTS = YES;
				CLANG_WARN_EMPTY_BODY = YES;
				CLANG_WARN_ENUM_CONVERSION = YES;
				CLANG_WARN_INFINITE_RECURSION = YES;
				CLANG_WARN_INT_CONVERSION = YES;
				CLANG_WARN_NON_LITERAL_NULL_CONVERSION = YES;
				CLANG_WARN_OBJC_IMPLICIT_RETAIN_SELF = YES;
				CLANG_WARN_OBJC_LITERAL_CONVERSION = YES;
				CLANG_WARN_OBJC_ROOT_CLASS = YES_ERROR;
				CLANG_WARN_QUOTED_INCLUDE_IN_FRAMEWORK_HEADER = YES;
				CLANG_WARN_RANGE_LOOP_ANALYSIS = YES;
				CLANG_WARN_STRICT_PROTOTYPES = YES;
				CLANG_WARN_SUSPICIOUS_MOVE = YES;
				CLANG_WARN_UNGUARDED_AVAILABILITY = YES_AGGRESSIVE;
				CLANG_WARN_UNREACHABLE_CODE = YES;
				CLANG_WARN__DUPLICATE_METHOD_MATCH = YES;
				COPY_PHASE_STRIP = NO;
				DEBUG_INFORMATION_FORMAT = dwarf;
				ENABLE_STRICT_OBJC_MSGSEND = YES;
				ENABLE_TESTABILITY = YES;
				ENABLE_USER_SCRIPT_SANDBOXING = YES;
				GCC_C_LANGUAGE_STANDARD = gnu17;
				GCC_DYNAMIC_NO_PIC = NO;
				GCC_NO_COMMON_BLOCKS = YES;
				GCC_OPTIMIZATION_LEVEL = 0;
				GCC_PREPROCESSOR_DEFINITIONS = (
					"DEBUG=1",
					"$(inherited)",
				);
				GCC_WARN_64_TO_32_BIT_CONVERSION = YES;
				GCC_WARN_ABOUT_RETURN_TYPE = YES_ERROR;
				GCC_WARN_UNDECLARED_SELECTOR = YES;
				GCC_WARN_UNINITIALIZED_AUTOS = YES_AGGRESSIVE;
				GCC_WARN_UNUSED_FUNCTION = YES;
				GCC_WARN_UNUSED_VARIABLE = YES;
				IPHONEOS_DEPLOYMENT_TARGET = 17.2;
				LOCALIZATION_PREFERS_STRING_CATALOGS = YES;
				MTL_ENABLE_DEBUG_INFO = INCLUDE_SOURCE;
				MTL_FAST_MATH = YES;
				ONLY_ACTIVE_ARCH = YES;
				SDKROOT = iphoneos;
				SWIFT_ACTIVE_COMPILATION_CONDITIONS = "DEBUG $(inherited)";
				SWIFT_OPTIMIZATION_LEVEL = "-Onone";
			};
			name = Debug;
		};
		41F5CDD02B2931B000F7FF87 /* Release */ = {
			isa = XCBuildConfiguration;
			buildSettings = {
				ALWAYS_SEARCH_USER_PATHS = NO;
				ASSETCATALOG_COMPILER_GENERATE_SWIFT_ASSET_SYMBOL_EXTENSIONS = YES;
				CLANG_ANALYZER_NONNULL = YES;
				CLANG_ANALYZER_NUMBER_OBJECT_CONVERSION = YES_AGGRESSIVE;
				CLANG_CXX_LANGUAGE_STANDARD = "gnu++20";
				CLANG_ENABLE_MODULES = YES;
				CLANG_ENABLE_OBJC_ARC = YES;
				CLANG_ENABLE_OBJC_WEAK = YES;
				CLANG_WARN_BLOCK_CAPTURE_AUTORELEASING = YES;
				CLANG_WARN_BOOL_CONVERSION = YES;
				CLANG_WARN_COMMA = YES;
				CLANG_WARN_CONSTANT_CONVERSION = YES;
				CLANG_WARN_DEPRECATED_OBJC_IMPLEMENTATIONS = YES;
				CLANG_WARN_DIRECT_OBJC_ISA_USAGE = YES_ERROR;
				CLANG_WARN_DOCUMENTATION_COMMENTS = YES;
				CLANG_WARN_EMPTY_BODY = YES;
				CLANG_WARN_ENUM_CONVERSION = YES;
				CLANG_WARN_INFINITE_RECURSION = YES;
				CLANG_WARN_INT_CONVERSION = YES;
				CLANG_WARN_NON_LITERAL_NULL_CONVERSION = YES;
				CLANG_WARN_OBJC_IMPLICIT_RETAIN_SELF = YES;
				CLANG_WARN_OBJC_LITERAL_CONVERSION = YES;
				CLANG_WARN_OBJC_ROOT_CLASS = YES_ERROR;
				CLANG_WARN_QUOTED_INCLUDE_IN_FRAMEWORK_HEADER = YES;
				CLANG_WARN_RANGE_LOOP_ANALYSIS = YES;
				CLANG_WARN_STRICT_PROTOTYPES = YES;
				CLANG_WARN_SUSPICIOUS_MOVE = YES;
				CLANG_WARN_UNGUARDED_AVAILABILITY = YES_AGGRESSIVE;
				CLANG_WARN_UNREACHABLE_CODE = YES;
				CLANG_WARN__DUPLICATE_METHOD_MATCH = YES;
				COPY_PHASE_STRIP = NO;
				DEBUG_INFORMATION_FORMAT = "dwarf-with-dsym";
				ENABLE_NS_ASSERTIONS = NO;
				ENABLE_STRICT_OBJC_MSGSEND = YES;
				ENABLE_USER_SCRIPT_SANDBOXING = YES;
				GCC_C_LANGUAGE_STANDARD = gnu17;
				GCC_NO_COMMON_BLOCKS = YES;
				GCC_WARN_64_TO_32_BIT_CONVERSION = YES;
				GCC_WARN_ABOUT_RETURN_TYPE = YES_ERROR;
				GCC_WARN_UNDECLARED_SELECTOR = YES;
				GCC_WARN_UNINITIALIZED_AUTOS = YES_AGGRESSIVE;
				GCC_WARN_UNUSED_FUNCTION = YES;
				GCC_WARN_UNUSED_VARIABLE = YES;
				IPHONEOS_DEPLOYMENT_TARGET = 17.2;
				LOCALIZATION_PREFERS_STRING_CATALOGS = YES;
				MTL_ENABLE_DEBUG_INFO = NO;
				MTL_FAST_MATH = YES;
				SDKROOT = iphoneos;
				SWIFT_COMPILATION_MODE = wholemodule;
				VALIDATE_PRODUCT = YES;
			};
			name = Release;
		};
		41F5CDD22B2931B000F7FF87 /* Debug */ = {
			isa = XCBuildConfiguration;
			buildSettings = {
				ALWAYS_EMBED_SWIFT_STANDARD_LIBRARIES = YES;
				ASSETCATALOG_COMPILER_APPICON_NAME = AppIcon;
				ASSETCATALOG_COMPILER_GLOBAL_ACCENT_COLOR_NAME = AccentColor;
				"CODE_SIGN_ENTITLEMENTS[sdk=*]" = aesthetic.computer/aesthetic.computer.entitlements;
				CODE_SIGN_STYLE = Automatic;
				CURRENT_PROJECT_VERSION = 1;
				DEVELOPMENT_ASSET_PATHS = "\"aesthetic.computer/Preview Content\"";
				DEVELOPMENT_TEAM = FB5948YR3S;
				ENABLE_PREVIEWS = YES;
				GENERATE_INFOPLIST_FILE = YES;
				INFOPLIST_FILE = "aesthetic-computer-Info.plist";
				INFOPLIST_KEY_CFBundleDisplayName = aesthetic;
				INFOPLIST_KEY_NSCameraUsageDescription = "For taking photos in `camera` and playing games like `handtime`.";
				INFOPLIST_KEY_NSMicrophoneUsageDescription = "For input in pieces like `baktok`.";
				INFOPLIST_KEY_UIApplicationSceneManifest_Generation = YES;
				INFOPLIST_KEY_UIApplicationSupportsIndirectInputEvents = YES;
				INFOPLIST_KEY_UISupportedInterfaceOrientations = UIInterfaceOrientationPortrait;
				INFOPLIST_KEY_UISupportedInterfaceOrientations_iPad = "UIInterfaceOrientationLandscapeLeft UIInterfaceOrientationLandscapeRight UIInterfaceOrientationPortrait UIInterfaceOrientationPortraitUpsideDown";
				IPHONEOS_DEPLOYMENT_TARGET = 15.0;
				LD_RUNPATH_SEARCH_PATHS = (
					"$(inherited)",
					"@executable_path/Frameworks",
				);
				MARKETING_VERSION = 1.0;
				PRODUCT_BUNDLE_IDENTIFIER = aesthetic.computer;
				PRODUCT_NAME = "$(TARGET_NAME)";
				SWIFT_EMIT_LOC_STRINGS = YES;
				SWIFT_VERSION = 5.0;
				TARGETED_DEVICE_FAMILY = "1,2";
			};
			name = Debug;
		};
		41F5CDD32B2931B000F7FF87 /* Release */ = {
			isa = XCBuildConfiguration;
			buildSettings = {
				ALWAYS_EMBED_SWIFT_STANDARD_LIBRARIES = YES;
				ASSETCATALOG_COMPILER_APPICON_NAME = AppIcon;
				ASSETCATALOG_COMPILER_GLOBAL_ACCENT_COLOR_NAME = AccentColor;
				CODE_SIGN_ENTITLEMENTS = "aesthetic.computer/aesthetic.computer-release.entitlements";
				CODE_SIGN_STYLE = Automatic;
				CURRENT_PROJECT_VERSION = 1;
				DEVELOPMENT_ASSET_PATHS = "\"aesthetic.computer/Preview Content\"";
				DEVELOPMENT_TEAM = FB5948YR3S;
				ENABLE_PREVIEWS = YES;
				GENERATE_INFOPLIST_FILE = YES;
				INFOPLIST_FILE = "aesthetic-computer-Info.plist";
				INFOPLIST_KEY_CFBundleDisplayName = aesthetic;
				INFOPLIST_KEY_NSCameraUsageDescription = "For taking photos in `camera` and playing games like `handtime`.";
				INFOPLIST_KEY_NSMicrophoneUsageDescription = "For input in pieces like `baktok`.";
				INFOPLIST_KEY_UIApplicationSceneManifest_Generation = YES;
				INFOPLIST_KEY_UIApplicationSupportsIndirectInputEvents = YES;
				INFOPLIST_KEY_UISupportedInterfaceOrientations = UIInterfaceOrientationPortrait;
				INFOPLIST_KEY_UISupportedInterfaceOrientations_iPad = "UIInterfaceOrientationLandscapeLeft UIInterfaceOrientationLandscapeRight UIInterfaceOrientationPortrait UIInterfaceOrientationPortraitUpsideDown";
				IPHONEOS_DEPLOYMENT_TARGET = 15.0;
				LD_RUNPATH_SEARCH_PATHS = (
					"$(inherited)",
					"@executable_path/Frameworks",
				);
				MARKETING_VERSION = 1.0;
				PRODUCT_BUNDLE_IDENTIFIER = aesthetic.computer;
				PRODUCT_NAME = "$(TARGET_NAME)";
				SWIFT_EMIT_LOC_STRINGS = YES;
				SWIFT_VERSION = 5.0;
				TARGETED_DEVICE_FAMILY = "1,2";
			};
			name = Release;
		};
		41F5CDF62B29357000F7FF87 /* Debug */ = {
			isa = XCBuildConfiguration;
			buildSettings = {
				ASSETCATALOG_COMPILER_APPICON_NAME = "iMessage App Icon";
				CODE_SIGN_STYLE = Automatic;
				CURRENT_PROJECT_VERSION = 1;
				DEVELOPMENT_TEAM = FB5948YR3S;
				GENERATE_INFOPLIST_FILE = YES;
				INFOPLIST_FILE = aesthetic/Info.plist;
				INFOPLIST_KEY_CFBundleDisplayName = aesthetic;
				INFOPLIST_KEY_NSHumanReadableCopyright = "";
				IPHONEOS_DEPLOYMENT_TARGET = 15.0;
				LD_RUNPATH_SEARCH_PATHS = (
					"$(inherited)",
					"@executable_path/Frameworks",
					"@executable_path/../../Frameworks",
				);
				MARKETING_VERSION = 1.0;
				PRODUCT_BUNDLE_IDENTIFIER = aesthetic.computer.aesthetic;
				PRODUCT_NAME = "$(TARGET_NAME)";
				SKIP_INSTALL = YES;
				SWIFT_EMIT_LOC_STRINGS = YES;
				SWIFT_VERSION = 5.0;
				TARGETED_DEVICE_FAMILY = "1,2";
			};
			name = Debug;
		};
		41F5CDF72B29357000F7FF87 /* Release */ = {
			isa = XCBuildConfiguration;
			buildSettings = {
				ASSETCATALOG_COMPILER_APPICON_NAME = "iMessage App Icon";
				CODE_SIGN_STYLE = Automatic;
				CURRENT_PROJECT_VERSION = 1;
				DEVELOPMENT_TEAM = FB5948YR3S;
				GENERATE_INFOPLIST_FILE = YES;
				INFOPLIST_FILE = aesthetic/Info.plist;
				INFOPLIST_KEY_CFBundleDisplayName = aesthetic;
				INFOPLIST_KEY_NSHumanReadableCopyright = "";
				IPHONEOS_DEPLOYMENT_TARGET = 15.0;
				LD_RUNPATH_SEARCH_PATHS = (
					"$(inherited)",
					"@executable_path/Frameworks",
					"@executable_path/../../Frameworks",
				);
				MARKETING_VERSION = 1.0;
				PRODUCT_BUNDLE_IDENTIFIER = aesthetic.computer.aesthetic;
				PRODUCT_NAME = "$(TARGET_NAME)";
				SKIP_INSTALL = YES;
				SWIFT_EMIT_LOC_STRINGS = YES;
				SWIFT_VERSION = 5.0;
				TARGETED_DEVICE_FAMILY = "1,2";
			};
			name = Release;
		};
/* End XCBuildConfiguration section */

/* Begin XCConfigurationList section */
		41F5CDBE2B2931AF00F7FF87 /* Build configuration list for PBXProject "aesthetic.computer" */ = {
			isa = XCConfigurationList;
			buildConfigurations = (
				41F5CDCF2B2931B000F7FF87 /* Debug */,
				41F5CDD02B2931B000F7FF87 /* Release */,
			);
			defaultConfigurationIsVisible = 0;
			defaultConfigurationName = Release;
		};
		41F5CDD12B2931B000F7FF87 /* Build configuration list for PBXNativeTarget "aesthetic.computer" */ = {
			isa = XCConfigurationList;
			buildConfigurations = (
				41F5CDD22B2931B000F7FF87 /* Debug */,
				41F5CDD32B2931B000F7FF87 /* Release */,
			);
			defaultConfigurationIsVisible = 0;
			defaultConfigurationName = Release;
		};
		41F5CDF52B29357000F7FF87 /* Build configuration list for PBXNativeTarget "aesthetic" */ = {
			isa = XCConfigurationList;
			buildConfigurations = (
				41F5CDF62B29357000F7FF87 /* Debug */,
				41F5CDF72B29357000F7FF87 /* Release */,
			);
			defaultConfigurationIsVisible = 0;
			defaultConfigurationName = Release;
		};
/* End XCConfigurationList section */

/* Begin XCRemoteSwiftPackageReference section */
		41F5CDD42B29333300F7FF87 /* XCRemoteSwiftPackageReference "firebase-ios-sdk" */ = {
			isa = XCRemoteSwiftPackageReference;
			repositoryURL = "https://github.com/firebase/firebase-ios-sdk";
			requirement = {
				kind = upToNextMajorVersion;
				minimumVersion = 10.19.0;
			};
		};
/* End XCRemoteSwiftPackageReference section */

/* Begin XCSwiftPackageProductDependency section */
		41F5CDD52B29333300F7FF87 /* FirebaseAnalytics */ = {
			isa = XCSwiftPackageProductDependency;
			package = 41F5CDD42B29333300F7FF87 /* XCRemoteSwiftPackageReference "firebase-ios-sdk" */;
			productName = FirebaseAnalytics;
		};
		41F5CDD72B29333300F7FF87 /* FirebaseAnalyticsOnDeviceConversion */ = {
			isa = XCSwiftPackageProductDependency;
			package = 41F5CDD42B29333300F7FF87 /* XCRemoteSwiftPackageReference "firebase-ios-sdk" */;
			productName = FirebaseAnalyticsOnDeviceConversion;
		};
		41F5CDD92B29333300F7FF87 /* FirebaseAnalyticsSwift */ = {
			isa = XCSwiftPackageProductDependency;
			package = 41F5CDD42B29333300F7FF87 /* XCRemoteSwiftPackageReference "firebase-ios-sdk" */;
			productName = FirebaseAnalyticsSwift;
		};
		41F5CDDB2B29333300F7FF87 /* FirebaseAnalyticsWithoutAdIdSupport */ = {
			isa = XCSwiftPackageProductDependency;
			package = 41F5CDD42B29333300F7FF87 /* XCRemoteSwiftPackageReference "firebase-ios-sdk" */;
			productName = FirebaseAnalyticsWithoutAdIdSupport;
		};
		41F5CDDD2B29333300F7FF87 /* FirebaseAppCheck */ = {
			isa = XCSwiftPackageProductDependency;
			package = 41F5CDD42B29333300F7FF87 /* XCRemoteSwiftPackageReference "firebase-ios-sdk" */;
			productName = FirebaseAppCheck;
		};
		41F5CDE02B29348800F7FF87 /* FirebaseMessaging */ = {
			isa = XCSwiftPackageProductDependency;
			package = 41F5CDD42B29333300F7FF87 /* XCRemoteSwiftPackageReference "firebase-ios-sdk" */;
			productName = FirebaseMessaging;
		};
/* End XCSwiftPackageProductDependency section */
	};
	rootObject = 41F5CDBB2B2931AF00F7FF87 /* Project object */;
}
