// !$*UTF8*$!
{
	archiveVersion = 1;
	classes = {
	};
	objectVersion = 56;
	objects = {

/* Begin PBXBuildFile section */
		412BAFB52A1D4446000A41B0 /* aesthetic_computerApp.swift in Sources */ = {isa = PBXBuildFile; fileRef = 412BAFB42A1D4446000A41B0 /* aesthetic_computerApp.swift */; };
		412BAFB72A1D4446000A41B0 /* ContentView.swift in Sources */ = {isa = PBXBuildFile; fileRef = 412BAFB62A1D4446000A41B0 /* ContentView.swift */; };
		412BAFB92A1D4447000A41B0 /* Assets.xcassets in Resources */ = {isa = PBXBuildFile; fileRef = 412BAFB82A1D4447000A41B0 /* Assets.xcassets */; };
		412BAFBC2A1D4447000A41B0 /* Preview Assets.xcassets in Resources */ = {isa = PBXBuildFile; fileRef = 412BAFBB2A1D4447000A41B0 /* Preview Assets.xcassets */; };
		418FD22F2A5528B500CA6ABA /* GoogleService-Info.plist in Resources */ = {isa = PBXBuildFile; fileRef = 418FD22E2A5528B500CA6ABA /* GoogleService-Info.plist */; };
		419EB15D2A550D7D004D9F5D /* FirebaseAnalyticsWithoutAdIdSupport in Frameworks */ = {isa = PBXBuildFile; productRef = 419EB15C2A550D7D004D9F5D /* FirebaseAnalyticsWithoutAdIdSupport */; };
		419EB15F2A550D7D004D9F5D /* FirebaseMessaging in Frameworks */ = {isa = PBXBuildFile; productRef = 419EB15E2A550D7D004D9F5D /* FirebaseMessaging */; };
		842410332B1E8938005A30C0 /* html in Resources */ = {isa = PBXBuildFile; fileRef = 842410322B1E8938005A30C0 /* html */; };
/* End PBXBuildFile section */

/* Begin PBXFileReference section */
		412BAFB12A1D4446000A41B0 /* aesthetic.computer.app */ = {isa = PBXFileReference; explicitFileType = wrapper.application; includeInIndex = 0; path = aesthetic.computer.app; sourceTree = BUILT_PRODUCTS_DIR; };
		412BAFB42A1D4446000A41B0 /* aesthetic_computerApp.swift */ = {isa = PBXFileReference; lastKnownFileType = sourcecode.swift; path = aesthetic_computerApp.swift; sourceTree = "<group>"; };
		412BAFB62A1D4446000A41B0 /* ContentView.swift */ = {isa = PBXFileReference; lastKnownFileType = sourcecode.swift; path = ContentView.swift; sourceTree = "<group>"; };
		412BAFB82A1D4447000A41B0 /* Assets.xcassets */ = {isa = PBXFileReference; lastKnownFileType = folder.assetcatalog; path = Assets.xcassets; sourceTree = "<group>"; };
		412BAFBB2A1D4447000A41B0 /* Preview Assets.xcassets */ = {isa = PBXFileReference; lastKnownFileType = folder.assetcatalog; path = "Preview Assets.xcassets"; sourceTree = "<group>"; };
		418FD22E2A5528B500CA6ABA /* GoogleService-Info.plist */ = {isa = PBXFileReference; fileEncoding = 4; lastKnownFileType = text.plist.xml; path = "GoogleService-Info.plist"; sourceTree = "<group>"; };
		419EB1602A550EAE004D9F5D /* aesthetic-computer-Info.plist */ = {isa = PBXFileReference; lastKnownFileType = text.plist; path = "aesthetic-computer-Info.plist"; sourceTree = SOURCE_ROOT; };
		842410322B1E8938005A30C0 /* html */ = {isa = PBXFileReference; lastKnownFileType = folder; path = html; sourceTree = "<group>"; };
/* End PBXFileReference section */

/* Begin PBXFrameworksBuildPhase section */
		412BAFAE2A1D4446000A41B0 /* Frameworks */ = {
			isa = PBXFrameworksBuildPhase;
			buildActionMask = 2147483647;
			files = (
				419EB15F2A550D7D004D9F5D /* FirebaseMessaging in Frameworks */,
				419EB15D2A550D7D004D9F5D /* FirebaseAnalyticsWithoutAdIdSupport in Frameworks */,
			);
			runOnlyForDeploymentPostprocessing = 0;
		};
/* End PBXFrameworksBuildPhase section */

/* Begin PBXGroup section */
		412BAFA82A1D4446000A41B0 = {
			isa = PBXGroup;
			children = (
				412BAFB32A1D4446000A41B0 /* aesthetic.computer */,
				412BAFB22A1D4446000A41B0 /* Products */,
			);
			sourceTree = "<group>";
		};
		412BAFB22A1D4446000A41B0 /* Products */ = {
			isa = PBXGroup;
			children = (
				412BAFB12A1D4446000A41B0 /* aesthetic.computer.app */,
			);
			name = Products;
			sourceTree = "<group>";
		};
		412BAFB32A1D4446000A41B0 /* aesthetic.computer */ = {
			isa = PBXGroup;
			children = (
				418FD22E2A5528B500CA6ABA /* GoogleService-Info.plist */,
				419EB1602A550EAE004D9F5D /* aesthetic-computer-Info.plist */,
				412BAFB42A1D4446000A41B0 /* aesthetic_computerApp.swift */,
				412BAFB62A1D4446000A41B0 /* ContentView.swift */,
				412BAFB82A1D4447000A41B0 /* Assets.xcassets */,
				842410322B1E8938005A30C0 /* html */,
				412BAFBA2A1D4447000A41B0 /* Preview Content */,
			);
			path = aesthetic.computer;
			sourceTree = "<group>";
		};
		412BAFBA2A1D4447000A41B0 /* Preview Content */ = {
			isa = PBXGroup;
			children = (
				412BAFBB2A1D4447000A41B0 /* Preview Assets.xcassets */,
			);
			path = "Preview Content";
			sourceTree = "<group>";
		};
/* End PBXGroup section */

/* Begin PBXNativeTarget section */
		412BAFB02A1D4446000A41B0 /* aesthetic.computer */ = {
			isa = PBXNativeTarget;
			buildConfigurationList = 412BAFBF2A1D4447000A41B0 /* Build configuration list for PBXNativeTarget "aesthetic.computer" */;
			buildPhases = (
				412BAFAD2A1D4446000A41B0 /* Sources */,
				412BAFAE2A1D4446000A41B0 /* Frameworks */,
				412BAFAF2A1D4446000A41B0 /* Resources */,
			);
			buildRules = (
			);
			dependencies = (
			);
			name = aesthetic.computer;
			packageProductDependencies = (
				419EB15C2A550D7D004D9F5D /* FirebaseAnalyticsWithoutAdIdSupport */,
				419EB15E2A550D7D004D9F5D /* FirebaseMessaging */,
			);
			productName = aesthetic.computer;
			productReference = 412BAFB12A1D4446000A41B0 /* aesthetic.computer.app */;
			productType = "com.apple.product-type.application";
		};
/* End PBXNativeTarget section */

/* Begin PBXProject section */
		412BAFA92A1D4446000A41B0 /* Project object */ = {
			isa = PBXProject;
			attributes = {
				BuildIndependentTargetsInParallel = 1;
				LastSwiftUpdateCheck = 1430;
				LastUpgradeCheck = 1430;
				TargetAttributes = {
					412BAFB02A1D4446000A41B0 = {
						CreatedOnToolsVersion = 14.3;
					};
				};
			};
			buildConfigurationList = 412BAFAC2A1D4446000A41B0 /* Build configuration list for PBXProject "aesthetic.computer" */;
			compatibilityVersion = "Xcode 14.0";
			developmentRegion = en;
			hasScannedForEncodings = 0;
			knownRegions = (
				en,
				Base,
			);
			mainGroup = 412BAFA82A1D4446000A41B0;
			packageReferences = (
				419EB15B2A550D7D004D9F5D /* XCRemoteSwiftPackageReference "firebase-ios-sdk" */,
			);
			productRefGroup = 412BAFB22A1D4446000A41B0 /* Products */;
			projectDirPath = "";
			projectRoot = "";
			targets = (
				412BAFB02A1D4446000A41B0 /* aesthetic.computer */,
			);
		};
/* End PBXProject section */

/* Begin PBXResourcesBuildPhase section */
		412BAFAF2A1D4446000A41B0 /* Resources */ = {
			isa = PBXResourcesBuildPhase;
			buildActionMask = 2147483647;
			files = (
				412BAFBC2A1D4447000A41B0 /* Preview Assets.xcassets in Resources */,
				842410332B1E8938005A30C0 /* html in Resources */,
				412BAFB92A1D4447000A41B0 /* Assets.xcassets in Resources */,
				418FD22F2A5528B500CA6ABA /* GoogleService-Info.plist in Resources */,
			);
			runOnlyForDeploymentPostprocessing = 0;
		};
/* End PBXResourcesBuildPhase section */

/* Begin PBXSourcesBuildPhase section */
		412BAFAD2A1D4446000A41B0 /* Sources */ = {
			isa = PBXSourcesBuildPhase;
			buildActionMask = 2147483647;
			files = (
				412BAFB72A1D4446000A41B0 /* ContentView.swift in Sources */,
				412BAFB52A1D4446000A41B0 /* aesthetic_computerApp.swift in Sources */,
			);
			runOnlyForDeploymentPostprocessing = 0;
		};
/* End PBXSourcesBuildPhase section */

/* Begin XCBuildConfiguration section */
		412BAFBD2A1D4447000A41B0 /* Debug */ = {
			isa = XCBuildConfiguration;
			buildSettings = {
				ALWAYS_SEARCH_USER_PATHS = NO;
				CLANG_ANALYZER_NONNULL = YES;
				CLANG_ANALYZER_NUMBER_OBJECT_CONVERSION = YES_AGGRESSIVE;
				CLANG_CXX_LANGUAGE_STANDARD = "gnu++20";
				CLANG_ENABLE_MODULES = YES;
				CLANG_ENABLE_OBJC_ARC = YES;
				CLANG_ENABLE_OBJC_WEAK = YES;
				CLANG_WARN_BLOCK_CAPTURE_AUTORELEASING = YES;
				CLANG_WARN_BOOL_CONVERSION = YES;
				CLANG_WARN_COMMA = YES;
				CLANG_WARN_CONSTANT_CONVERSION = YES;
				CLANG_WARN_DEPRECATED_OBJC_IMPLEMENTATIONS = YES;
				CLANG_WARN_DIRECT_OBJC_ISA_USAGE = YES_ERROR;
				CLANG_WARN_DOCUMENTATION_COMMENTS = YES;
				CLANG_WARN_EMPTY_BODY = YES;
				CLANG_WARN_ENUM_CONVERSION = YES;
				CLANG_WARN_INFINITE_RECURSION = YES;
				CLANG_WARN_INT_CONVERSION = YES;
				CLANG_WARN_NON_LITERAL_NULL_CONVERSION = YES;
				CLANG_WARN_OBJC_IMPLICIT_RETAIN_SELF = YES;
				CLANG_WARN_OBJC_LITERAL_CONVERSION = YES;
				CLANG_WARN_OBJC_ROOT_CLASS = YES_ERROR;
				CLANG_WARN_QUOTED_INCLUDE_IN_FRAMEWORK_HEADER = YES;
				CLANG_WARN_RANGE_LOOP_ANALYSIS = YES;
				CLANG_WARN_STRICT_PROTOTYPES = YES;
				CLANG_WARN_SUSPICIOUS_MOVE = YES;
				CLANG_WARN_UNGUARDED_AVAILABILITY = YES_AGGRESSIVE;
				CLANG_WARN_UNREACHABLE_CODE = YES;
				CLANG_WARN__DUPLICATE_METHOD_MATCH = YES;
				COPY_PHASE_STRIP = NO;
				DEBUG_INFORMATION_FORMAT = dwarf;
				ENABLE_STRICT_OBJC_MSGSEND = YES;
				ENABLE_TESTABILITY = YES;
				GCC_C_LANGUAGE_STANDARD = gnu11;
				GCC_DYNAMIC_NO_PIC = NO;
				GCC_NO_COMMON_BLOCKS = YES;
				GCC_OPTIMIZATION_LEVEL = 0;
				GCC_PREPROCESSOR_DEFINITIONS = (
					"DEBUG=1",
					"$(inherited)",
				);
				GCC_WARN_64_TO_32_BIT_CONVERSION = YES;
				GCC_WARN_ABOUT_RETURN_TYPE = YES_ERROR;
				GCC_WARN_UNDECLARED_SELECTOR = YES;
				GCC_WARN_UNINITIALIZED_AUTOS = YES_AGGRESSIVE;
				GCC_WARN_UNUSED_FUNCTION = YES;
				GCC_WARN_UNUSED_VARIABLE = YES;
				IPHONEOS_DEPLOYMENT_TARGET = 15.0;
				MTL_ENABLE_DEBUG_INFO = INCLUDE_SOURCE;
				MTL_FAST_MATH = YES;
				ONLY_ACTIVE_ARCH = YES;
				SDKROOT = iphoneos;
				SWIFT_ACTIVE_COMPILATION_CONDITIONS = DEBUG;
				SWIFT_OPTIMIZATION_LEVEL = "-Onone";
			};
			name = Debug;
		};
		412BAFBE2A1D4447000A41B0 /* Release */ = {
			isa = XCBuildConfiguration;
			buildSettings = {
				ALWAYS_SEARCH_USER_PATHS = NO;
				CLANG_ANALYZER_NONNULL = YES;
				CLANG_ANALYZER_NUMBER_OBJECT_CONVERSION = YES_AGGRESSIVE;
				CLANG_CXX_LANGUAGE_STANDARD = "gnu++20";
				CLANG_ENABLE_MODULES = YES;
				CLANG_ENABLE_OBJC_ARC = YES;
				CLANG_ENABLE_OBJC_WEAK = YES;
				CLANG_WARN_BLOCK_CAPTURE_AUTORELEASING = YES;
				CLANG_WARN_BOOL_CONVERSION = YES;
				CLANG_WARN_COMMA = YES;
				CLANG_WARN_CONSTANT_CONVERSION = YES;
				CLANG_WARN_DEPRECATED_OBJC_IMPLEMENTATIONS = YES;
				CLANG_WARN_DIRECT_OBJC_ISA_USAGE = YES_ERROR;
				CLANG_WARN_DOCUMENTATION_COMMENTS = YES;
				CLANG_WARN_EMPTY_BODY = YES;
				CLANG_WARN_ENUM_CONVERSION = YES;
				CLANG_WARN_INFINITE_RECURSION = YES;
				CLANG_WARN_INT_CONVERSION = YES;
				CLANG_WARN_NON_LITERAL_NULL_CONVERSION = YES;
				CLANG_WARN_OBJC_IMPLICIT_RETAIN_SELF = YES;
				CLANG_WARN_OBJC_LITERAL_CONVERSION = YES;
				CLANG_WARN_OBJC_ROOT_CLASS = YES_ERROR;
				CLANG_WARN_QUOTED_INCLUDE_IN_FRAMEWORK_HEADER = YES;
				CLANG_WARN_RANGE_LOOP_ANALYSIS = YES;
				CLANG_WARN_STRICT_PROTOTYPES = YES;
				CLANG_WARN_SUSPICIOUS_MOVE = YES;
				CLANG_WARN_UNGUARDED_AVAILABILITY = YES_AGGRESSIVE;
				CLANG_WARN_UNREACHABLE_CODE = YES;
				CLANG_WARN__DUPLICATE_METHOD_MATCH = YES;
				COPY_PHASE_STRIP = NO;
				DEBUG_INFORMATION_FORMAT = "dwarf-with-dsym";
				ENABLE_NS_ASSERTIONS = NO;
				ENABLE_STRICT_OBJC_MSGSEND = YES;
				GCC_C_LANGUAGE_STANDARD = gnu11;
				GCC_NO_COMMON_BLOCKS = YES;
				GCC_WARN_64_TO_32_BIT_CONVERSION = YES;
				GCC_WARN_ABOUT_RETURN_TYPE = YES_ERROR;
				GCC_WARN_UNDECLARED_SELECTOR = YES;
				GCC_WARN_UNINITIALIZED_AUTOS = YES_AGGRESSIVE;
				GCC_WARN_UNUSED_FUNCTION = YES;
				GCC_WARN_UNUSED_VARIABLE = YES;
				IPHONEOS_DEPLOYMENT_TARGET = 15.0;
				MTL_ENABLE_DEBUG_INFO = NO;
				MTL_FAST_MATH = YES;
				SDKROOT = iphoneos;
				SWIFT_COMPILATION_MODE = wholemodule;
				SWIFT_OPTIMIZATION_LEVEL = "-O";
				VALIDATE_PRODUCT = YES;
			};
			name = Release;
		};
		412BAFC02A1D4447000A41B0 /* Debug */ = {
			isa = XCBuildConfiguration;
			buildSettings = {
				ASSETCATALOG_COMPILER_APPICON_NAME = AppIcon;
				ASSETCATALOG_COMPILER_GLOBAL_ACCENT_COLOR_NAME = AccentColor;
				CODE_SIGN_ENTITLEMENTS = aesthetic.computer/aesthetic.computer.entitlements;
				CODE_SIGN_IDENTITY = "Apple Development";
				CODE_SIGN_STYLE = Automatic;
				CURRENT_PROJECT_VERSION = 1;
				DEVELOPMENT_ASSET_PATHS = "\"aesthetic.computer/Preview Content\"";
				DEVELOPMENT_TEAM = FB5948YR3S;
				ENABLE_PREVIEWS = YES;
				GENERATE_INFOPLIST_FILE = YES;
				INFOPLIST_FILE = "aesthetic-computer-Info.plist";
				INFOPLIST_KEY_NSCameraUsageDescription = "for playing with handtracking and making pictures.";
				INFOPLIST_KEY_NSMicrophoneUsageDescription = "for playing with pieces like \"baktok\"";
				INFOPLIST_KEY_UIApplicationSceneManifest_Generation = YES;
				INFOPLIST_KEY_UIApplicationSupportsIndirectInputEvents = YES;
				INFOPLIST_KEY_UILaunchScreen_Generation = YES;
				INFOPLIST_KEY_UISupportedInterfaceOrientations_iPad = "UIInterfaceOrientationPortrait UIInterfaceOrientationPortraitUpsideDown UIInterfaceOrientationLandscapeLeft UIInterfaceOrientationLandscapeRight";
				INFOPLIST_KEY_UISupportedInterfaceOrientations_iPhone = "UIInterfaceOrientationPortrait UIInterfaceOrientationLandscapeLeft UIInterfaceOrientationLandscapeRight";
				IPHONEOS_DEPLOYMENT_TARGET = 15.0;
				LD_RUNPATH_SEARCH_PATHS = (
					"$(inherited)",
					"@executable_path/Frameworks",
				);
				MARKETING_VERSION = 1.0;
				PRODUCT_BUNDLE_IDENTIFIER = aesthetic.computer;
				PRODUCT_NAME = "$(TARGET_NAME)";
				PROVISIONING_PROFILE_SPECIFIER = "";
				SWIFT_EMIT_LOC_STRINGS = YES;
				SWIFT_VERSION = 5.0;
				TARGETED_DEVICE_FAMILY = "1,2";
			};
			name = Debug;
		};
		412BAFC12A1D4447000A41B0 /* Release */ = {
			isa = XCBuildConfiguration;
			buildSettings = {
				ASSETCATALOG_COMPILER_APPICON_NAME = AppIcon;
				ASSETCATALOG_COMPILER_GLOBAL_ACCENT_COLOR_NAME = AccentColor;
				CODE_SIGN_ENTITLEMENTS = aesthetic.computer/aesthetic.computer.entitlements;
				CODE_SIGN_IDENTITY = "Apple Development";
				CODE_SIGN_STYLE = Automatic;
				CURRENT_PROJECT_VERSION = 1;
				DEVELOPMENT_ASSET_PATHS = "\"aesthetic.computer/Preview Content\"";
				DEVELOPMENT_TEAM = FB5948YR3S;
				ENABLE_PREVIEWS = YES;
				GENERATE_INFOPLIST_FILE = YES;
				INFOPLIST_FILE = "aesthetic-computer-Info.plist";
				INFOPLIST_KEY_NSCameraUsageDescription = "for playing with handtracking and making pictures.";
				INFOPLIST_KEY_NSMicrophoneUsageDescription = "for playing with pieces like \"baktok\"";
				INFOPLIST_KEY_UIApplicationSceneManifest_Generation = YES;
				INFOPLIST_KEY_UIApplicationSupportsIndirectInputEvents = YES;
				INFOPLIST_KEY_UILaunchScreen_Generation = YES;
				INFOPLIST_KEY_UISupportedInterfaceOrientations_iPad = "UIInterfaceOrientationPortrait UIInterfaceOrientationPortraitUpsideDown UIInterfaceOrientationLandscapeLeft UIInterfaceOrientationLandscapeRight";
				INFOPLIST_KEY_UISupportedInterfaceOrientations_iPhone = "UIInterfaceOrientationPortrait UIInterfaceOrientationLandscapeLeft UIInterfaceOrientationLandscapeRight";
				IPHONEOS_DEPLOYMENT_TARGET = 15.0;
				LD_RUNPATH_SEARCH_PATHS = (
					"$(inherited)",
					"@executable_path/Frameworks",
				);
				MARKETING_VERSION = 1.0;
				PRODUCT_BUNDLE_IDENTIFIER = aesthetic.computer;
				PRODUCT_NAME = "$(TARGET_NAME)";
				PROVISIONING_PROFILE_SPECIFIER = "";
				SWIFT_EMIT_LOC_STRINGS = YES;
				SWIFT_VERSION = 5.0;
				TARGETED_DEVICE_FAMILY = "1,2";
			};
			name = Release;
		};
/* End XCBuildConfiguration section */

/* Begin XCConfigurationList section */
		412BAFAC2A1D4446000A41B0 /* Build configuration list for PBXProject "aesthetic.computer" */ = {
			isa = XCConfigurationList;
			buildConfigurations = (
				412BAFBD2A1D4447000A41B0 /* Debug */,
				412BAFBE2A1D4447000A41B0 /* Release */,
			);
			defaultConfigurationIsVisible = 0;
			defaultConfigurationName = Release;
		};
		412BAFBF2A1D4447000A41B0 /* Build configuration list for PBXNativeTarget "aesthetic.computer" */ = {
			isa = XCConfigurationList;
			buildConfigurations = (
				412BAFC02A1D4447000A41B0 /* Debug */,
				412BAFC12A1D4447000A41B0 /* Release */,
			);
			defaultConfigurationIsVisible = 0;
			defaultConfigurationName = Release;
		};
/* End XCConfigurationList section */

/* Begin XCRemoteSwiftPackageReference section */
		419EB15B2A550D7D004D9F5D /* XCRemoteSwiftPackageReference "firebase-ios-sdk" */ = {
			isa = XCRemoteSwiftPackageReference;
			repositoryURL = "https://github.com/firebase/firebase-ios-sdk";
			requirement = {
				kind = upToNextMajorVersion;
				minimumVersion = 10.0.0;
			};
		};
/* End XCRemoteSwiftPackageReference section */

/* Begin XCSwiftPackageProductDependency section */
		419EB15C2A550D7D004D9F5D /* FirebaseAnalyticsWithoutAdIdSupport */ = {
			isa = XCSwiftPackageProductDependency;
			package = 419EB15B2A550D7D004D9F5D /* XCRemoteSwiftPackageReference "firebase-ios-sdk" */;
			productName = FirebaseAnalyticsWithoutAdIdSupport;
		};
		419EB15E2A550D7D004D9F5D /* FirebaseMessaging */ = {
			isa = XCSwiftPackageProductDependency;
			package = 419EB15B2A550D7D004D9F5D /* XCRemoteSwiftPackageReference "firebase-ios-sdk" */;
			productName = FirebaseMessaging;
		};
/* End XCSwiftPackageProductDependency section */
	};
	rootObject = 412BAFA92A1D4446000A41B0 /* Project object */;
}
