{
  "name": "edge-stream",
  "version": "1.0.0",
  "lockfileVersion": 2,
  "requires": true,
  "packages": {
    "": {
      "name": "edge-stream",
      "version": "1.0.0",
      "dependencies": {
        "openai-streams": "^5.3.0"
      }
    },
    "node_modules/dotenv": {
      "version": "16.0.3",
      "resolved": "https://registry.npmjs.org/dotenv/-/dotenv-16.0.3.tgz",
      "integrity": "sha512-7GO6HghkA5fYG9TYnNxi14/7K9f5occMlp3zXAuSxn7CKCxt9xbNWG7yF8hTCSUchlfWSe3uLmlPfigevRItzQ==",
      "engines": {
        "node": ">=12"
      }
    },
    "node_modules/eventsource-parser": {
      "version": "1.0.0",
      "resolved": "https://registry.npmjs.org/eventsource-parser/-/eventsource-parser-1.0.0.tgz",
      "integrity": "sha512-9jgfSCa3dmEme2ES3mPByGXfgZ87VbP97tng1G2nWwWx6bV2nYxm2AWCrbQjXToSe+yYlqaZNtxffR9IeQr95g==",
      "engines": {
        "node": ">=14.18"
      }
    },
    "node_modules/openai-streams": {
      "version": "5.3.0",
      "resolved": "https://registry.npmjs.org/openai-streams/-/openai-streams-5.3.0.tgz",
      "integrity": "sha512-481B3eWLQ4P4E7jvF38vRzz2/aQz6CLHx2XSV7J+w83791fhiUxvTNGw8uh/M04N0X5AdCqPaEPqHc+sfxNTUQ==",
      "dependencies": {
        "dotenv": "^16.0.3",
        "eventsource-parser": "^1.0.0",
        "yield-stream": "^3.0.0"
      },
      "engines": {
        "node": ">=14"
      }
    },
    "node_modules/shim-streams": {
      "version": "0.0.2",
      "resolved": "https://registry.npmjs.org/shim-streams/-/shim-streams-0.0.2.tgz",
      "integrity": "sha512-9Otb+FCl13XxRp1nVddtsCbwvB7AEMTjzc3/fixowyzvSVoCzu/VEstblB2SdIDbd61u5D/zpS5u9fGzDdOoZg==",
      "engines": {
        "node": ">=14"
      }
    },
    "node_modules/web-streams-polyfill": {
      "version": "3.2.1",
      "resolved": "https://registry.npmjs.org/web-streams-polyfill/-/web-streams-polyfill-3.2.1.tgz",
      "integrity": "sha512-e0MO3wdXWKrLbL0DgGnUV7WHVuw9OUvL4hjgnPkIeEvESk74gAITi5G606JtZPp39cd8HA9VQzCIvA49LpPN5Q==",
      "engines": {
        "node": ">= 8"
      }
    },
    "node_modules/yield-stream": {
      "version": "3.0.0",
      "resolved": "https://registry.npmjs.org/yield-stream/-/yield-stream-3.0.0.tgz",
      "integrity": "sha512-I0fHp7xcR+ilGKgtLP+6d0SxTLfJcLDX/iiTEQZtg0U/cqWKvcHy4D9em6adhs3emSgik8YAZ2Jmv7gc1kyuhA==",
      "dependencies": {
        "shim-streams": "^0.0.2",
        "web-streams-polyfill": "^3.2.1"
      },
      "engines": {
        "node": ">=14"
      }
    }
  },
  "dependencies": {
    "dotenv": {
      "version": "16.0.3",
      "resolved": "https://registry.npmjs.org/dotenv/-/dotenv-16.0.3.tgz",
      "integrity": "sha512-7GO6HghkA5fYG9TYnNxi14/7K9f5occMlp3zXAuSxn7CKCxt9xbNWG7yF8hTCSUchlfWSe3uLmlPfigevRItzQ=="
    },
    "eventsource-parser": {
      "version": "1.0.0",
      "resolved": "https://registry.npmjs.org/eventsource-parser/-/eventsource-parser-1.0.0.tgz",
      "integrity": "sha512-9jgfSCa3dmEme2ES3mPByGXfgZ87VbP97tng1G2nWwWx6bV2nYxm2AWCrbQjXToSe+yYlqaZNtxffR9IeQr95g=="
    },
    "openai-streams": {
      "version": "5.3.0",
      "resolved": "https://registry.npmjs.org/openai-streams/-/openai-streams-5.3.0.tgz",
      "integrity": "sha512-481B3eWLQ4P4E7jvF38vRzz2/aQz6CLHx2XSV7J+w83791fhiUxvTNGw8uh/M04N0X5AdCqPaEPqHc+sfxNTUQ==",
      "requires": {
        "dotenv": "^16.0.3",
        "eventsource-parser": "^1.0.0",
        "yield-stream": "^3.0.0"
      }
    },
    "shim-streams": {
      "version": "0.0.2",
      "resolved": "https://registry.npmjs.org/shim-streams/-/shim-streams-0.0.2.tgz",
      "integrity": "sha512-9Otb+FCl13XxRp1nVddtsCbwvB7AEMTjzc3/fixowyzvSVoCzu/VEstblB2SdIDbd61u5D/zpS5u9fGzDdOoZg=="
    },
    "web-streams-polyfill": {
      "version": "3.2.1",
      "resolved": "https://registry.npmjs.org/web-streams-polyfill/-/web-streams-polyfill-3.2.1.tgz",
      "integrity": "sha512-e0MO3wdXWKrLbL0DgGnUV7WHVuw9OUvL4hjgnPkIeEvESk74gAITi5G606JtZPp39cd8HA9VQzCIvA49LpPN5Q=="
    },
    "yield-stream": {
      "version": "3.0.0",
      "resolved": "https://registry.npmjs.org/yield-stream/-/yield-stream-3.0.0.tgz",
      "integrity": "sha512-I0fHp7xcR+ilGKgtLP+6d0SxTLfJcLDX/iiTEQZtg0U/cqWKvcHy4D9em6adhs3emSgik8YAZ2Jmv7gc1kyuhA==",
      "requires": {
        "shim-streams": "^0.0.2",
        "web-streams-polyfill": "^3.2.1"
      }
    }
  }
}
