{
  "name": "shared",
  "version": "1.0.0",
  "lockfileVersion": 3,
  "requires": true,
  "packages": {
    "": {
      "name": "shared",
      "version": "1.0.0",
      "license": "ISC",
      "devDependencies": {
        "obscenity": "^0.2.1"
      }
    },
    "node_modules/obscenity": {
      "version": "0.2.1",
      "resolved": "https://registry.npmjs.org/obscenity/-/obscenity-0.2.1.tgz",
      "integrity": "sha512-84l2MZo41ZipfgYgYdRc3FNcktS/KCyun4LZSGgwkJD++BdMM4d+95fkKqWtxasSdfNKWHxdd6bswbEg0UtdXQ==",
      "dev": true,
      "engines": {
        "node": ">=14.0.0"
      }
    }
  }
}
