{
  "name": "shared",
  "version": "1.0.0",
  "lockfileVersion": 3,
  "requires": true,
  "packages": {
    "": {
      "dependencies": {
        "obscenity": "^0.4.5"
      }
    },
    "node_modules/obscenity": {
      "version": "0.4.5",
      "resolved": "https://registry.npmjs.org/obscenity/-/obscenity-0.4.5.tgz",
      "integrity": "sha512-5NNZIolweauL3pDmSbScAa39LBm70ozdtffnUlPnM+MVNYx8KIchKVa7KY8aYOggWTF+O7Ih18UU5Y9kyIqBPQ==",
      "license": "MIT",
      "engines": {
        "node": ">=18.0.0"
      }
    }
  }
}
